<?xml version="1.0" encoding="utf-8"?>
<Project ToolsVersion="4.0" xmlns="http://schemas.microsoft.com/developer/msbuild/2003">
  <ItemGroup>
    <ClInclude Include="NFEventObj.h">
      <Filter>Event</Filter>
    </ClInclude>
    <ClInclude Include="NFEventTemplate.h">
      <Filter>Event</Filter>
    </ClInclude>
    <ClInclude Include="NFEventMgr.h">
      <Filter>Event</Filter>
    </ClInclude>
    <ClInclude Include="NFTimerAxis.h">
      <Filter>Timer</Filter>
    </ClInclude>
    <ClInclude Include="NFTimerObj.h">
      <Filter>Timer</Filter>
    </ClInclude>
    <ClInclude Include="NFTimerMgr.h">
      <Filter>Timer</Filter>
    </ClInclude>
    <ClInclude Include="NFLogMgr.h">
      <Filter>Log</Filter>
    </ClInclude>
    <ClInclude Include="NFEventDefine.h">
      <Filter>Event</Filter>
    </ClInclude>
    <ClInclude Include="NFConfigMgr.h">
      <Filter>Config</Filter>
    </ClInclude>
    <ClInclude Include="NFTask.h">
      <Filter>Task</Filter>
    </ClInclude>
    <ClInclude Include="NFIAsyMysqlModule.h">
      <Filter>Mysql</Filter>
    </ClInclude>
    <ClInclude Include="NFIMysqlDriver.h">
      <Filter>Mysql</Filter>
    </ClInclude>
    <ClInclude Include="NFIMysqlDriverManager.h">
      <Filter>Mysql</Filter>
    </ClInclude>
    <ClInclude Include="NFIMysqlModule.h">
      <Filter>Mysql</Filter>
    </ClInclude>
    <ClInclude Include="NFIObject.h">
      <Filter>NFObject</Filter>
    </ClInclude>
    <ClInclude Include="NFCData.h">
      <Filter>NFObject</Filter>
    </ClInclude>
    <ClInclude Include="NFCDataValue.h">
      <Filter>NFObject</Filter>
    </ClInclude>
    <ClInclude Include="NFDataNode.h">
      <Filter>NFObject</Filter>
    </ClInclude>
    <ClInclude Include="NFBitValue.hpp">
      <Filter>NFObject</Filter>
    </ClInclude>
    <ClInclude Include="NFIDataNodeManager.h">
      <Filter>NFObject</Filter>
    </ClInclude>
    <ClInclude Include="NFCDataNodeManager.h">
      <Filter>NFObject</Filter>
    </ClInclude>
    <ClInclude Include="NFCObject.h">
      <Filter>NFObject</Filter>
    </ClInclude>
    <ClInclude Include="NFDataTable.h">
      <Filter>NFObject</Filter>
    </ClInclude>
    <ClInclude Include="NFIDataTableManager.h">
      <Filter>NFObject</Filter>
    </ClInclude>
    <ClInclude Include="NFCDataTableManager.h">
      <Filter>NFObject</Filter>
    </ClInclude>
    <ClInclude Include="NFCDynLib.h">
      <Filter>NFDynLib</Filter>
    </ClInclude>
    <ClInclude Include="NFIMongoModule.h">
      <Filter>Mongo</Filter>
    </ClInclude>
    <ClInclude Include="NFSystemInfo.h">
      <Filter>SystemInfo</Filter>
    </ClInclude>
    <ClInclude Include="NFProfiler.h">
      <Filter>NFProfier</Filter>
    </ClInclude>
    <ClInclude Include="NFIAsynMongoModule.h">
      <Filter>Mongo</Filter>
    </ClInclude>
    <ClInclude Include="NFISqliteModule.h">
      <Filter>Sqlite</Filter>
    </ClInclude>
    <ClInclude Include="NFIAsyncSqliteModule.h">
      <Filter>Sqlite</Filter>
    </ClInclude>
    <ClInclude Include="NFIHttpClient.h">
      <Filter>Net</Filter>
    </ClInclude>
    <ClInclude Include="NFIHttpClientModule.h">
      <Filter>Net</Filter>
    </ClInclude>
    <ClInclude Include="NFIHttpServer.h">
      <Filter>Net</Filter>
    </ClInclude>
    <ClInclude Include="NFIHttpServerModule.h">
      <Filter>Net</Filter>
    </ClInclude>
    <ClInclude Include="NFINetClientModule.h">
      <Filter>Net</Filter>
    </ClInclude>
    <ClInclude Include="NFINetModule.h">
      <Filter>Net</Filter>
    </ClInclude>
    <ClInclude Include="NFINetServerModule.h">
      <Filter>Net</Filter>
    </ClInclude>
    <ClInclude Include="NFIServerNetEventModule.h">
      <Filter>Net</Filter>
    </ClInclude>
    <ClInclude Include="NFILogModule.h">
      <Filter>Kernel</Filter>
    </ClInclude>
    <ClInclude Include="NFIKernelModule.h">
      <Filter>Kernel</Filter>
    </ClInclude>
    <ClInclude Include="NFIEventModule.h">
      <Filter>Kernel</Filter>
    </ClInclude>
    <ClInclude Include="NFIConfigModule.h">
      <Filter>Kernel</Filter>
    </ClInclude>
    <ClInclude Include="NFIClassModule.h">
      <Filter>Kernel</Filter>
    </ClInclude>
    <ClInclude Include="NFITimerModule.h">
      <Filter>Kernel</Filter>
    </ClInclude>
    <ClInclude Include="NFDefine.h">
      <Filter>Common</Filter>
    </ClInclude>
    <ClInclude Include="NFIModule.h">
      <Filter>Common</Filter>
    </ClInclude>
    <ClInclude Include="NFIPlugin.h">
      <Filter>Common</Filter>
    </ClInclude>
    <ClInclude Include="NFIPluginManager.h">
      <Filter>Common</Filter>
    </ClInclude>
    <ClInclude Include="NFProtobufCommon.h">
      <Filter>Common</Filter>
    </ClInclude>
    <ClInclude Include="NFServerDefine.h">
      <Filter>Common</Filter>
    </ClInclude>
    <ClInclude Include="NFILuaModule.h">
      <Filter>Common</Filter>
    </ClInclude>
    <ClInclude Include="NFILuaScriptModule.h">
      <Filter>Common</Filter>
    </ClInclude>
    <ClInclude Include="NFIActor.h">
      <Filter>Task</Filter>
    </ClInclude>
    <ClInclude Include="NFIActorModule.h">
      <Filter>Task</Filter>
    </ClInclude>
    <ClInclude Include="NFIComponent.h">
      <Filter>Task</Filter>
    </ClInclude>
    <ClInclude Include="NFITaskModule.h">
      <Filter>Task</Filter>
    </ClInclude>
    <ClInclude Include="NFIMonitorModule.h">
      <Filter>Monitor</Filter>
    </ClInclude>
    <ClInclude Include="NFIConsoleModule.h">
      <Filter>Monitor</Filter>
    </ClInclude>
    <ClInclude Include="NFICallBackModule.h">
      <Filter>Net</Filter>
    </ClInclude>
    <ClInclude Include="NFISignalHandleModule.h">
      <Filter>Monitor</Filter>
    </ClInclude>
    <ClInclude Include="NFINoSqlModule.h">
      <Filter>Nosql</Filter>
    </ClInclude>
    <ClInclude Include="NFINoSqlDriver.h">
      <Filter>Nosql</Filter>
    </ClInclude>
    <ClInclude Include="NFINoSqlDriverManager.h">
      <Filter>Nosql</Filter>
    </ClInclude>
    <ClInclude Include="NFITaskComponent.h">
      <Filter>Task</Filter>
    </ClInclude>
    <ClInclude Include="NFIAsycModule.h">
      <Filter>Task</Filter>
    </ClInclude>
    <ClInclude Include="NFILuaThreadModule.h">
      <Filter>Common</Filter>
    </ClInclude>
  </ItemGroup>
  <ItemGroup>
    <Filter Include="Event">
      <UniqueIdentifier>{c8e568f5-a31b-463a-82ef-a489e004cfa2}</UniqueIdentifier>
    </Filter>
    <Filter Include="Timer">
      <UniqueIdentifier>{2c94de8f-caa7-4d40-9ff2-c4070cfcb84b}</UniqueIdentifier>
    </Filter>
    <Filter Include="Log">
      <UniqueIdentifier>{5e799ddc-ea5b-4be8-8258-40e634ff4a55}</UniqueIdentifier>
    </Filter>
    <Filter Include="Mysql">
      <UniqueIdentifier>{dd0fc0b9-d562-41ed-9db8-d5ba4c613206}</UniqueIdentifier>
    </Filter>
    <Filter Include="NFObject">
      <UniqueIdentifier>{c0d2ea3b-8a8b-4200-9cc9-efe210a9d0a1}</UniqueIdentifier>
    </Filter>
    <Filter Include="Task">
      <UniqueIdentifier>{1dbbfc05-264b-4245-81c3-09fb2c94f054}</UniqueIdentifier>
    </Filter>
    <Filter Include="Config">
      <UniqueIdentifier>{6b10868d-67a9-4369-bde2-f665968c9e9e}</UniqueIdentifier>
    </Filter>
    <Filter Include="NFDynLib">
      <UniqueIdentifier>{4ce18727-df4f-4847-ae51-2548ef44ddd3}</UniqueIdentifier>
    </Filter>
    <Filter Include="Mongo">
      <UniqueIdentifier>{a62865f6-2c7a-4c1c-9acc-61b6ddce93c6}</UniqueIdentifier>
    </Filter>
    <Filter Include="SystemInfo">
      <UniqueIdentifier>{fcde711c-3bd1-4164-a561-7a0a57af519c}</UniqueIdentifier>
    </Filter>
    <Filter Include="NFProfier">
      <UniqueIdentifier>{e8666d19-12a6-4bd5-aeed-1255c25d8b8a}</UniqueIdentifier>
    </Filter>
    <Filter Include="Sqlite">
      <UniqueIdentifier>{0bc4edbe-59a7-4c95-9d7b-6e9ae3e0a628}</UniqueIdentifier>
    </Filter>
    <Filter Include="Net">
      <UniqueIdentifier>{724320ab-8359-4788-bb75-caba2d5ace54}</UniqueIdentifier>
    </Filter>
    <Filter Include="Kernel">
      <UniqueIdentifier>{0f63ae1e-8f80-43b8-9967-ec7eb3be9d3b}</UniqueIdentifier>
    </Filter>
    <Filter Include="Common">
      <UniqueIdentifier>{a54af848-a839-497b-8aae-c686a8e3694e}</UniqueIdentifier>
    </Filter>
    <Filter Include="Monitor">
      <UniqueIdentifier>{4703a76e-0e65-426e-893f-e31741f2f386}</UniqueIdentifier>
    </Filter>
    <Filter Include="Nosql">
      <UniqueIdentifier>{b209c585-6875-432c-85be-cb96d85f0596}</UniqueIdentifier>
    </Filter>
  </ItemGroup>
  <ItemGroup>
    <ClCompile Include="NFEventObj.cpp">
      <Filter>Event</Filter>
    </ClCompile>
    <ClCompile Include="NFEventMgr.cpp">
      <Filter>Event</Filter>
    </ClCompile>
    <ClCompile Include="NFTimerAxis.cpp">
      <Filter>Timer</Filter>
    </ClCompile>
    <ClCompile Include="NFTimerObj.cpp">
      <Filter>Timer</Filter>
    </ClCompile>
    <ClCompile Include="NFTimerMgr.cpp">
      <Filter>Timer</Filter>
    </ClCompile>
    <ClCompile Include="NFLogMgr.cpp">
      <Filter>Log</Filter>
    </ClCompile>
    <ClCompile Include="NFConfigMgr.cpp">
      <Filter>Config</Filter>
    </ClCompile>
    <ClCompile Include="NFCData.cpp">
      <Filter>NFObject</Filter>
    </ClCompile>
    <ClCompile Include="NFCDataValue.cpp">
      <Filter>NFObject</Filter>
    </ClCompile>
    <ClCompile Include="NFCDataNodeManager.cpp">
      <Filter>NFObject</Filter>
    </ClCompile>
    <ClCompile Include="NFCObject.cpp">
      <Filter>NFObject</Filter>
    </ClCompile>
    <ClCompile Include="NFDataTable.cpp">
      <Filter>NFObject</Filter>
    </ClCompile>
    <ClCompile Include="NFCDataTableManager.cpp">
      <Filter>NFObject</Filter>
    </ClCompile>
    <ClCompile Include="NFCDynLib.cpp">
      <Filter>NFDynLib</Filter>
    </ClCompile>
    <ClCompile Include="NFSystemInfo.cpp">
      <Filter>SystemInfo</Filter>
    </ClCompile>
    <ClCompile Include="NFProfiler.cpp">
      <Filter>NFProfier</Filter>
    </ClCompile>
    <ClCompile Include="NFProtobufCommon.cpp">
      <Filter>Common</Filter>
    </ClCompile>
    <ClCompile Include="NFServerDefine.cpp">
      <Filter>Common</Filter>
    </ClCompile>
  </ItemGroup>
</Project>