<?xml version="1.0" encoding="utf-8"?>
<Project ToolsVersion="4.0" xmlns="http://schemas.microsoft.com/developer/msbuild/2003">
  <ItemGroup>
    <ClInclude Include="NFIModule.h" />
    <ClInclude Include="NFIPlugin.h" />
    <ClInclude Include="NFIPluginManager.h" />
    <ClInclude Include="NFServerDefine.h" />
    <ClInclude Include="NFIActor.h" />
    <ClInclude Include="NFIActorModule.h" />
    <ClInclude Include="NFIComponent.h" />
    <ClInclude Include="NFILogModule.h" />
    <ClInclude Include="NFIKernelModule.h" />
    <ClInclude Include="NFITimerModule.h" />
    <ClInclude Include="NFIEventModule.h" />
    <ClInclude Include="NFEventObj.h">
      <Filter>Event</Filter>
    </ClInclude>
    <ClInclude Include="NFEventTemplate.h">
      <Filter>Event</Filter>
    </ClInclude>
    <ClInclude Include="NFEventMgr.h">
      <Filter>Event</Filter>
    </ClInclude>
    <ClInclude Include="NFTimerAxis.h">
      <Filter>Timer</Filter>
    </ClInclude>
    <ClInclude Include="NFTimerObj.h">
      <Filter>Timer</Filter>
    </ClInclude>
    <ClInclude Include="NFTimerMgr.h">
      <Filter>Timer</Filter>
    </ClInclude>
    <ClInclude Include="NFLogMgr.h">
      <Filter>Log</Filter>
    </ClInclude>
    <ClInclude Include="NFEventDefine.h">
      <Filter>Event</Filter>
    </ClInclude>
    <ClInclude Include="NFINetModule.h" />
    <ClInclude Include="NFINetClientModule.h" />
    <ClInclude Include="NFILuaScriptModule.h" />
    <ClInclude Include="NFConfigMgr.h">
      <Filter>Lua</Filter>
    </ClInclude>
    <ClInclude Include="NFCPluginManager.h">
      <Filter>PluginManager</Filter>
    </ClInclude>
    <ClInclude Include="NFINetServerModule.h" />
    <ClInclude Include="NFXActor.h">
      <Filter>XActor</Filter>
    </ClInclude>
    <ClInclude Include="NFActorMgr.h">
      <Filter>XActor</Filter>
    </ClInclude>
    <ClInclude Include="NFTask.h">
      <Filter>XActor</Filter>
    </ClInclude>
    <ClInclude Include="NFDBActorMgr.h">
      <Filter>XActor</Filter>
    </ClInclude>
    <ClInclude Include="NFDBActor.h">
      <Filter>XActor</Filter>
    </ClInclude>
    <ClInclude Include="NFIAsyMysqlModule.h">
      <Filter>Mysql</Filter>
    </ClInclude>
    <ClInclude Include="NFIMysqlDriver.h">
      <Filter>Mysql</Filter>
    </ClInclude>
    <ClInclude Include="NFIMysqlDriverManager.h">
      <Filter>Mysql</Filter>
    </ClInclude>
    <ClInclude Include="NFIMysqlModule.h">
      <Filter>Mysql</Filter>
    </ClInclude>
    <ClInclude Include="NFIObject.h">
      <Filter>NFObject</Filter>
    </ClInclude>
    <ClInclude Include="NFDefine.h" />
    <ClInclude Include="NFCData.h">
      <Filter>NFObject</Filter>
    </ClInclude>
    <ClInclude Include="NFCDataValue.h">
      <Filter>NFObject</Filter>
    </ClInclude>
    <ClInclude Include="NFDataNode.h">
      <Filter>NFObject</Filter>
    </ClInclude>
    <ClInclude Include="NFBitValue.hpp">
      <Filter>NFObject</Filter>
    </ClInclude>
    <ClInclude Include="NFIDataNodeManager.h">
      <Filter>NFObject</Filter>
    </ClInclude>
    <ClInclude Include="NFCDataNodeManager.h">
      <Filter>NFObject</Filter>
    </ClInclude>
    <ClInclude Include="NFCObject.h">
      <Filter>NFObject</Filter>
    </ClInclude>
    <ClInclude Include="NFDataTable.h">
      <Filter>NFObject</Filter>
    </ClInclude>
    <ClInclude Include="NFIDataTableManager.h">
      <Filter>NFObject</Filter>
    </ClInclude>
    <ClInclude Include="NFCDataTableManager.h">
      <Filter>NFObject</Filter>
    </ClInclude>
    <ClInclude Include="NFIClassModule.h" />
  </ItemGroup>
  <ItemGroup>
    <Filter Include="Event">
      <UniqueIdentifier>{c8e568f5-a31b-463a-82ef-a489e004cfa2}</UniqueIdentifier>
    </Filter>
    <Filter Include="Timer">
      <UniqueIdentifier>{2c94de8f-caa7-4d40-9ff2-c4070cfcb84b}</UniqueIdentifier>
    </Filter>
    <Filter Include="Log">
      <UniqueIdentifier>{5e799ddc-ea5b-4be8-8258-40e634ff4a55}</UniqueIdentifier>
    </Filter>
    <Filter Include="Lua">
      <UniqueIdentifier>{6b10868d-67a9-4369-bde2-f665968c9e9e}</UniqueIdentifier>
    </Filter>
    <Filter Include="PluginManager">
      <UniqueIdentifier>{bdfa0e36-a558-48c1-8d1d-4fdc9ad68d24}</UniqueIdentifier>
    </Filter>
    <Filter Include="XActor">
      <UniqueIdentifier>{1dbbfc05-264b-4245-81c3-09fb2c94f054}</UniqueIdentifier>
    </Filter>
    <Filter Include="Mysql">
      <UniqueIdentifier>{dd0fc0b9-d562-41ed-9db8-d5ba4c613206}</UniqueIdentifier>
    </Filter>
    <Filter Include="NFObject">
      <UniqueIdentifier>{c0d2ea3b-8a8b-4200-9cc9-efe210a9d0a1}</UniqueIdentifier>
    </Filter>
  </ItemGroup>
  <ItemGroup>
    <ClCompile Include="NFEventObj.cpp">
      <Filter>Event</Filter>
    </ClCompile>
    <ClCompile Include="NFEventMgr.cpp">
      <Filter>Event</Filter>
    </ClCompile>
    <ClCompile Include="NFTimerAxis.cpp">
      <Filter>Timer</Filter>
    </ClCompile>
    <ClCompile Include="NFTimerObj.cpp">
      <Filter>Timer</Filter>
    </ClCompile>
    <ClCompile Include="NFTimerMgr.cpp">
      <Filter>Timer</Filter>
    </ClCompile>
    <ClCompile Include="NFLogMgr.cpp">
      <Filter>Log</Filter>
    </ClCompile>
    <ClCompile Include="NFServerDefine.cpp" />
    <ClCompile Include="NFConfigMgr.cpp">
      <Filter>Lua</Filter>
    </ClCompile>
    <ClCompile Include="NFCPluginManager.cpp">
      <Filter>PluginManager</Filter>
    </ClCompile>
    <ClCompile Include="NFDBActorMgr.cpp">
      <Filter>XActor</Filter>
    </ClCompile>
    <ClCompile Include="NFDBActor.cpp">
      <Filter>XActor</Filter>
    </ClCompile>
    <ClCompile Include="NFCData.cpp">
      <Filter>NFObject</Filter>
    </ClCompile>
    <ClCompile Include="NFCDataValue.cpp">
      <Filter>NFObject</Filter>
    </ClCompile>
    <ClCompile Include="NFCDataNodeManager.cpp">
      <Filter>NFObject</Filter>
    </ClCompile>
    <ClCompile Include="NFCObject.cpp">
      <Filter>NFObject</Filter>
    </ClCompile>
    <ClCompile Include="NFDataTable.cpp">
      <Filter>NFObject</Filter>
    </ClCompile>
    <ClCompile Include="NFCDataTableManager.cpp">
      <Filter>NFObject</Filter>
    </ClCompile>
  </ItemGroup>
</Project>