<?xml version="1.0" encoding="utf-8"?>
<Project ToolsVersion="4.0" xmlns="http://schemas.microsoft.com/developer/msbuild/2003">
  <ItemGroup>
    <ClInclude Include="NFGameLogicPlugin.h" />
    <ClInclude Include="NFGameLogicModule.h" />
    <ClInclude Include="NFBehaviorLogModule.h" />
    <ClInclude Include="NFGameConfigModule.h" />
  </ItemGroup>
  <ItemGroup>
    <ClCompile Include="NFGameLogicPlugin.cpp" />
    <ClCompile Include="NFGameLogicModule.cpp" />
    <ClCompile Include="NFBehaviorLogModule.cpp" />
    <ClCompile Include="NFGameConfigModule.cpp" />
  </ItemGroup>
</Project>