<?xml version="1.0" encoding="utf-8"?>
<Project ToolsVersion="4.0" xmlns="http://schemas.microsoft.com/developer/msbuild/2003">
  <ItemGroup>
    <Filter Include="3rd">
      <UniqueIdentifier>{d0bfd215-4f29-4618-ab23-d4814fcb12ba}</UniqueIdentifier>
    </Filter>
    <Filter Include="3rd\lpeg">
      <UniqueIdentifier>{de1fc017-29e2-4ab8-b6a4-1390b32a1c6f}</UniqueIdentifier>
    </Filter>
    <Filter Include="3rd\luacjson">
      <UniqueIdentifier>{b14187ca-268c-4e01-9263-1a0b811084e5}</UniqueIdentifier>
    </Filter>
    <Filter Include="3rd\luasql">
      <UniqueIdentifier>{bad8d4c8-2e15-4b9d-8917-02ce30588767}</UniqueIdentifier>
    </Filter>
    <Filter Include="3rd\luaintf">
      <UniqueIdentifier>{5af3fec1-130c-4deb-94e3-fc4f158a861f}</UniqueIdentifier>
    </Filter>
    <Filter Include="3rd\luafilesystem">
      <UniqueIdentifier>{2309f5d5-e667-4346-8f7b-5b01ade0ba7a}</UniqueIdentifier>
    </Filter>
    <Filter Include="3rd\lua">
      <UniqueIdentifier>{52104c38-023e-4805-ab1f-bdb0dcca8ca0}</UniqueIdentifier>
    </Filter>
    <Filter Include="3rd\protoc-gen-lua">
      <UniqueIdentifier>{00d7c538-ddc4-45ee-b8db-66295d9501ac}</UniqueIdentifier>
    </Filter>
    <Filter Include="3rd\lua_socket">
      <UniqueIdentifier>{4b9e781d-d4fc-4f26-89d8-f7f5761df5ed}</UniqueIdentifier>
    </Filter>
  </ItemGroup>
  <ItemGroup>
    <ClCompile Include="lpeg\lpcap.c">
      <Filter>3rd\lpeg</Filter>
    </ClCompile>
    <ClCompile Include="lpeg\lpcode.c">
      <Filter>3rd\lpeg</Filter>
    </ClCompile>
    <ClCompile Include="lpeg\lpprint.c">
      <Filter>3rd\lpeg</Filter>
    </ClCompile>
    <ClCompile Include="lpeg\lptree.c">
      <Filter>3rd\lpeg</Filter>
    </ClCompile>
    <ClCompile Include="lpeg\lpvm.c">
      <Filter>3rd\lpeg</Filter>
    </ClCompile>
    <ClCompile Include="luacjson\dtoa.c">
      <Filter>3rd\luacjson</Filter>
    </ClCompile>
    <ClCompile Include="luacjson\g_fmt.c">
      <Filter>3rd\luacjson</Filter>
    </ClCompile>
    <ClCompile Include="luacjson\lua_cjson.c">
      <Filter>3rd\luacjson</Filter>
    </ClCompile>
    <ClCompile Include="luacjson\strbuf.c">
      <Filter>3rd\luacjson</Filter>
    </ClCompile>
    <ClCompile Include="luasql\ls_mysql.c">
      <Filter>3rd\luasql</Filter>
    </ClCompile>
    <ClCompile Include="luasql\luasql.c">
      <Filter>3rd\luasql</Filter>
    </ClCompile>
    <ClCompile Include="luafilesystem\lfs.c">
      <Filter>3rd\luafilesystem</Filter>
    </ClCompile>
    <ClCompile Include="protoc-gen-lua\pb.c">
      <Filter>3rd\protoc-gen-lua</Filter>
    </ClCompile>
    <ClCompile Include="lua\lapi.c">
      <Filter>3rd\lua</Filter>
    </ClCompile>
    <ClCompile Include="lua\lauxlib.c">
      <Filter>3rd\lua</Filter>
    </ClCompile>
    <ClCompile Include="lua\lbaselib.c">
      <Filter>3rd\lua</Filter>
    </ClCompile>
    <ClCompile Include="lua\lbitlib.c">
      <Filter>3rd\lua</Filter>
    </ClCompile>
    <ClCompile Include="lua\lcode.c">
      <Filter>3rd\lua</Filter>
    </ClCompile>
    <ClCompile Include="lua\lcorolib.c">
      <Filter>3rd\lua</Filter>
    </ClCompile>
    <ClCompile Include="lua\lctype.c">
      <Filter>3rd\lua</Filter>
    </ClCompile>
    <ClCompile Include="lua\ldblib.c">
      <Filter>3rd\lua</Filter>
    </ClCompile>
    <ClCompile Include="lua\ldebug.c">
      <Filter>3rd\lua</Filter>
    </ClCompile>
    <ClCompile Include="lua\ldo.c">
      <Filter>3rd\lua</Filter>
    </ClCompile>
    <ClCompile Include="lua\ldump.c">
      <Filter>3rd\lua</Filter>
    </ClCompile>
    <ClCompile Include="lua\lfunc.c">
      <Filter>3rd\lua</Filter>
    </ClCompile>
    <ClCompile Include="lua\lgc.c">
      <Filter>3rd\lua</Filter>
    </ClCompile>
    <ClCompile Include="lua\linit.c">
      <Filter>3rd\lua</Filter>
    </ClCompile>
    <ClCompile Include="lua\liolib.c">
      <Filter>3rd\lua</Filter>
    </ClCompile>
    <ClCompile Include="lua\llex.c">
      <Filter>3rd\lua</Filter>
    </ClCompile>
    <ClCompile Include="lua\lmathlib.c">
      <Filter>3rd\lua</Filter>
    </ClCompile>
    <ClCompile Include="lua\lmem.c">
      <Filter>3rd\lua</Filter>
    </ClCompile>
    <ClCompile Include="lua\loadlib.c">
      <Filter>3rd\lua</Filter>
    </ClCompile>
    <ClCompile Include="lua\lobject.c">
      <Filter>3rd\lua</Filter>
    </ClCompile>
    <ClCompile Include="lua\lopcodes.c">
      <Filter>3rd\lua</Filter>
    </ClCompile>
    <ClCompile Include="lua\loslib.c">
      <Filter>3rd\lua</Filter>
    </ClCompile>
    <ClCompile Include="lua\lparser.c">
      <Filter>3rd\lua</Filter>
    </ClCompile>
    <ClCompile Include="lua\lstate.c">
      <Filter>3rd\lua</Filter>
    </ClCompile>
    <ClCompile Include="lua\lstring.c">
      <Filter>3rd\lua</Filter>
    </ClCompile>
    <ClCompile Include="lua\lstrlib.c">
      <Filter>3rd\lua</Filter>
    </ClCompile>
    <ClCompile Include="lua\ltable.c">
      <Filter>3rd\lua</Filter>
    </ClCompile>
    <ClCompile Include="lua\ltablib.c">
      <Filter>3rd\lua</Filter>
    </ClCompile>
    <ClCompile Include="lua\ltm.c">
      <Filter>3rd\lua</Filter>
    </ClCompile>
    <ClCompile Include="lua\lundump.c">
      <Filter>3rd\lua</Filter>
    </ClCompile>
    <ClCompile Include="lua\lutf8lib.c">
      <Filter>3rd\lua</Filter>
    </ClCompile>
    <ClCompile Include="lua\lvm.c">
      <Filter>3rd\lua</Filter>
    </ClCompile>
    <ClCompile Include="lua\lzio.c">
      <Filter>3rd\lua</Filter>
    </ClCompile>
    <ClCompile Include="lua_socket\auxiliar.c">
      <Filter>3rd\lua_socket</Filter>
    </ClCompile>
    <ClCompile Include="lua_socket\buffer.c">
      <Filter>3rd\lua_socket</Filter>
    </ClCompile>
    <ClCompile Include="lua_socket\compat.c">
      <Filter>3rd\lua_socket</Filter>
    </ClCompile>
    <ClCompile Include="lua_socket\except.c">
      <Filter>3rd\lua_socket</Filter>
    </ClCompile>
    <ClCompile Include="lua_socket\inet.c">
      <Filter>3rd\lua_socket</Filter>
    </ClCompile>
    <ClCompile Include="lua_socket\io.c">
      <Filter>3rd\lua_socket</Filter>
    </ClCompile>
    <ClCompile Include="lua_socket\luasocket.c">
      <Filter>3rd\lua_socket</Filter>
    </ClCompile>
    <ClCompile Include="lua_socket\luasocket_scripts.c">
      <Filter>3rd\lua_socket</Filter>
    </ClCompile>
    <ClCompile Include="lua_socket\luasocketio.c">
      <Filter>3rd\lua_socket</Filter>
    </ClCompile>
    <ClCompile Include="lua_socket\mime.c">
      <Filter>3rd\lua_socket</Filter>
    </ClCompile>
    <ClCompile Include="lua_socket\options.c">
      <Filter>3rd\lua_socket</Filter>
    </ClCompile>
    <ClCompile Include="lua_socket\select.c">
      <Filter>3rd\lua_socket</Filter>
    </ClCompile>
    <ClCompile Include="lua_socket\tcp.c">
      <Filter>3rd\lua_socket</Filter>
    </ClCompile>
    <ClCompile Include="lua_socket\timeout.c">
      <Filter>3rd\lua_socket</Filter>
    </ClCompile>
    <ClCompile Include="lua_socket\udp.c">
      <Filter>3rd\lua_socket</Filter>
    </ClCompile>
    <ClCompile Include="lua_socket\unixtcp.c">
      <Filter>3rd\lua_socket</Filter>
    </ClCompile>
    <ClCompile Include="lua_socket\wsocket.c">
      <Filter>3rd\lua_socket</Filter>
    </ClCompile>
  </ItemGroup>
  <ItemGroup>
    <ClInclude Include="lpeg\lpcap.h">
      <Filter>3rd\lpeg</Filter>
    </ClInclude>
    <ClInclude Include="lpeg\lpcode.h">
      <Filter>3rd\lpeg</Filter>
    </ClInclude>
    <ClInclude Include="lpeg\lpprint.h">
      <Filter>3rd\lpeg</Filter>
    </ClInclude>
    <ClInclude Include="lpeg\lptree.h">
      <Filter>3rd\lpeg</Filter>
    </ClInclude>
    <ClInclude Include="lpeg\lptypes.h">
      <Filter>3rd\lpeg</Filter>
    </ClInclude>
    <ClInclude Include="lpeg\lpvm.h">
      <Filter>3rd\lpeg</Filter>
    </ClInclude>
    <ClInclude Include="luacjson\dtoa_config.h">
      <Filter>3rd\luacjson</Filter>
    </ClInclude>
    <ClInclude Include="luacjson\fpconv.h">
      <Filter>3rd\luacjson</Filter>
    </ClInclude>
    <ClInclude Include="luacjson\strbuf.h">
      <Filter>3rd\luacjson</Filter>
    </ClInclude>
    <ClInclude Include="luasql\luasql.h">
      <Filter>3rd\luasql</Filter>
    </ClInclude>
    <ClInclude Include="luaintf\QtLuaIntf.h">
      <Filter>3rd\luaintf</Filter>
    </ClInclude>
    <ClInclude Include="luaintf\impl\CppArg.h">
      <Filter>3rd\luaintf</Filter>
    </ClInclude>
    <ClInclude Include="luaintf\impl\CppBindClass.h">
      <Filter>3rd\luaintf</Filter>
    </ClInclude>
    <ClInclude Include="luaintf\impl\CppBindModule.h">
      <Filter>3rd\luaintf</Filter>
    </ClInclude>
    <ClInclude Include="luaintf\impl\CppFunction.h">
      <Filter>3rd\luaintf</Filter>
    </ClInclude>
    <ClInclude Include="luaintf\impl\CppInvoke.h">
      <Filter>3rd\luaintf</Filter>
    </ClInclude>
    <ClInclude Include="luaintf\LuaCompat.h">
      <Filter>3rd\luaintf</Filter>
    </ClInclude>
    <ClInclude Include="luaintf\impl\CppObject.h">
      <Filter>3rd\luaintf</Filter>
    </ClInclude>
    <ClInclude Include="luaintf\LuaContext.h">
      <Filter>3rd\luaintf</Filter>
    </ClInclude>
    <ClInclude Include="luaintf\impl\LuaException.h">
      <Filter>3rd\luaintf</Filter>
    </ClInclude>
    <ClInclude Include="luaintf\LuaIntf.h">
      <Filter>3rd\luaintf</Filter>
    </ClInclude>
    <ClInclude Include="luaintf\LuaRef.h">
      <Filter>3rd\luaintf</Filter>
    </ClInclude>
    <ClInclude Include="luaintf\LuaState.h">
      <Filter>3rd\luaintf</Filter>
    </ClInclude>
    <ClInclude Include="luaintf\impl\LuaType.h">
      <Filter>3rd\luaintf</Filter>
    </ClInclude>
    <ClInclude Include="luafilesystem\lfs.h">
      <Filter>3rd\luafilesystem</Filter>
    </ClInclude>
    <ClInclude Include="lua\lapi.h">
      <Filter>3rd\lua</Filter>
    </ClInclude>
    <ClInclude Include="lua\lauxlib.h">
      <Filter>3rd\lua</Filter>
    </ClInclude>
    <ClInclude Include="lua\lcode.h">
      <Filter>3rd\lua</Filter>
    </ClInclude>
    <ClInclude Include="lua\lctype.h">
      <Filter>3rd\lua</Filter>
    </ClInclude>
    <ClInclude Include="lua\ldebug.h">
      <Filter>3rd\lua</Filter>
    </ClInclude>
    <ClInclude Include="lua\ldo.h">
      <Filter>3rd\lua</Filter>
    </ClInclude>
    <ClInclude Include="lua\lfunc.h">
      <Filter>3rd\lua</Filter>
    </ClInclude>
    <ClInclude Include="lua\lgc.h">
      <Filter>3rd\lua</Filter>
    </ClInclude>
    <ClInclude Include="lua\llex.h">
      <Filter>3rd\lua</Filter>
    </ClInclude>
    <ClInclude Include="lua\llimits.h">
      <Filter>3rd\lua</Filter>
    </ClInclude>
    <ClInclude Include="lua\lmem.h">
      <Filter>3rd\lua</Filter>
    </ClInclude>
    <ClInclude Include="lua\lobject.h">
      <Filter>3rd\lua</Filter>
    </ClInclude>
    <ClInclude Include="lua\lopcodes.h">
      <Filter>3rd\lua</Filter>
    </ClInclude>
    <ClInclude Include="lua\lparser.h">
      <Filter>3rd\lua</Filter>
    </ClInclude>
    <ClInclude Include="lua\lprefix.h">
      <Filter>3rd\lua</Filter>
    </ClInclude>
    <ClInclude Include="lua\lstate.h">
      <Filter>3rd\lua</Filter>
    </ClInclude>
    <ClInclude Include="lua\lstring.h">
      <Filter>3rd\lua</Filter>
    </ClInclude>
    <ClInclude Include="lua\ltable.h">
      <Filter>3rd\lua</Filter>
    </ClInclude>
    <ClInclude Include="lua\ltm.h">
      <Filter>3rd\lua</Filter>
    </ClInclude>
    <ClInclude Include="lua\lua.h">
      <Filter>3rd\lua</Filter>
    </ClInclude>
    <ClInclude Include="lua\lua.hpp">
      <Filter>3rd\lua</Filter>
    </ClInclude>
    <ClInclude Include="lua\luaconf.h">
      <Filter>3rd\lua</Filter>
    </ClInclude>
    <ClInclude Include="lua\lualib.h">
      <Filter>3rd\lua</Filter>
    </ClInclude>
    <ClInclude Include="lua\lundump.h">
      <Filter>3rd\lua</Filter>
    </ClInclude>
    <ClInclude Include="lua\lvm.h">
      <Filter>3rd\lua</Filter>
    </ClInclude>
    <ClInclude Include="lua\lzio.h">
      <Filter>3rd\lua</Filter>
    </ClInclude>
    <ClInclude Include="protoc-gen-lua\pb.h">
      <Filter>3rd\protoc-gen-lua</Filter>
    </ClInclude>
    <ClInclude Include="lua_socket\auxiliar.h">
      <Filter>3rd\lua_socket</Filter>
    </ClInclude>
    <ClInclude Include="lua_socket\buffer.h">
      <Filter>3rd\lua_socket</Filter>
    </ClInclude>
    <ClInclude Include="lua_socket\compat.h">
      <Filter>3rd\lua_socket</Filter>
    </ClInclude>
    <ClInclude Include="lua_socket\except.h">
      <Filter>3rd\lua_socket</Filter>
    </ClInclude>
    <ClInclude Include="lua_socket\inet.h">
      <Filter>3rd\lua_socket</Filter>
    </ClInclude>
    <ClInclude Include="lua_socket\io.h">
      <Filter>3rd\lua_socket</Filter>
    </ClInclude>
    <ClInclude Include="lua_socket\luasocket.h">
      <Filter>3rd\lua_socket</Filter>
    </ClInclude>
    <ClInclude Include="lua_socket\luasocket_scripts.h">
      <Filter>3rd\lua_socket</Filter>
    </ClInclude>
    <ClInclude Include="lua_socket\luasocketio.h">
      <Filter>3rd\lua_socket</Filter>
    </ClInclude>
    <ClInclude Include="lua_socket\mime.h">
      <Filter>3rd\lua_socket</Filter>
    </ClInclude>
    <ClInclude Include="lua_socket\options.h">
      <Filter>3rd\lua_socket</Filter>
    </ClInclude>
    <ClInclude Include="lua_socket\pierror.h">
      <Filter>3rd\lua_socket</Filter>
    </ClInclude>
    <ClInclude Include="lua_socket\select.h">
      <Filter>3rd\lua_socket</Filter>
    </ClInclude>
    <ClInclude Include="lua_socket\socket.h">
      <Filter>3rd\lua_socket</Filter>
    </ClInclude>
    <ClInclude Include="lua_socket\tcp.h">
      <Filter>3rd\lua_socket</Filter>
    </ClInclude>
    <ClInclude Include="lua_socket\timeout.h">
      <Filter>3rd\lua_socket</Filter>
    </ClInclude>
    <ClInclude Include="lua_socket\udp.h">
      <Filter>3rd\lua_socket</Filter>
    </ClInclude>
    <ClInclude Include="lua_socket\unixtcp.h">
      <Filter>3rd\lua_socket</Filter>
    </ClInclude>
    <ClInclude Include="lua_socket\wsocket.h">
      <Filter>3rd\lua_socket</Filter>
    </ClInclude>
  </ItemGroup>
  <ItemGroup>
    <Text Include="lua_socket\CMakeLists.txt">
      <Filter>3rd\lua_socket</Filter>
    </Text>
  </ItemGroup>
</Project>