<?xml version="1.0" encoding="utf-8"?>
<Project ToolsVersion="4.0" xmlns="http://schemas.microsoft.com/developer/msbuild/2003">
  <ItemGroup>
    <Filter Include="3rd">
      <UniqueIdentifier>{d0bfd215-4f29-4618-ab23-d4814fcb12ba}</UniqueIdentifier>
    </Filter>
    <Filter Include="3rd\lpeg">
      <UniqueIdentifier>{de1fc017-29e2-4ab8-b6a4-1390b32a1c6f}</UniqueIdentifier>
    </Filter>
    <Filter Include="3rd\luacjson">
      <UniqueIdentifier>{b14187ca-268c-4e01-9263-1a0b811084e5}</UniqueIdentifier>
    </Filter>
    <Filter Include="3rd\luasocket">
      <UniqueIdentifier>{e04817d0-cf9e-41ad-bd2d-2936feafe392}</UniqueIdentifier>
    </Filter>
    <Filter Include="3rd\luasql">
      <UniqueIdentifier>{bad8d4c8-2e15-4b9d-8917-02ce30588767}</UniqueIdentifier>
    </Filter>
    <Filter Include="3rd\luaintf">
      <UniqueIdentifier>{5af3fec1-130c-4deb-94e3-fc4f158a861f}</UniqueIdentifier>
    </Filter>
    <Filter Include="3rd\luafilesystem">
      <UniqueIdentifier>{2309f5d5-e667-4346-8f7b-5b01ade0ba7a}</UniqueIdentifier>
    </Filter>
    <Filter Include="3rd\lua">
      <UniqueIdentifier>{52104c38-023e-4805-ab1f-bdb0dcca8ca0}</UniqueIdentifier>
    </Filter>
    <Filter Include="3rd\protoc-gen-lua">
      <UniqueIdentifier>{00d7c538-ddc4-45ee-b8db-66295d9501ac}</UniqueIdentifier>
    </Filter>
    <Filter Include="3rd\luajit">
      <UniqueIdentifier>{c8a93338-b5e8-49d1-a6c3-7f3663fc0f39}</UniqueIdentifier>
    </Filter>
  </ItemGroup>
  <ItemGroup>
    <ClCompile Include="lpeg\lpcap.c">
      <Filter>3rd\lpeg</Filter>
    </ClCompile>
    <ClCompile Include="lpeg\lpcode.c">
      <Filter>3rd\lpeg</Filter>
    </ClCompile>
    <ClCompile Include="lpeg\lpprint.c">
      <Filter>3rd\lpeg</Filter>
    </ClCompile>
    <ClCompile Include="lpeg\lptree.c">
      <Filter>3rd\lpeg</Filter>
    </ClCompile>
    <ClCompile Include="lpeg\lpvm.c">
      <Filter>3rd\lpeg</Filter>
    </ClCompile>
    <ClCompile Include="luacjson\dtoa.c">
      <Filter>3rd\luacjson</Filter>
    </ClCompile>
    <ClCompile Include="luacjson\g_fmt.c">
      <Filter>3rd\luacjson</Filter>
    </ClCompile>
    <ClCompile Include="luacjson\lua_cjson.c">
      <Filter>3rd\luacjson</Filter>
    </ClCompile>
    <ClCompile Include="luacjson\strbuf.c">
      <Filter>3rd\luacjson</Filter>
    </ClCompile>
    <ClCompile Include="luasocket\auxiliar.c">
      <Filter>3rd\luasocket</Filter>
    </ClCompile>
    <ClCompile Include="luasocket\buffer.c">
      <Filter>3rd\luasocket</Filter>
    </ClCompile>
    <ClCompile Include="luasocket\compat.c">
      <Filter>3rd\luasocket</Filter>
    </ClCompile>
    <ClCompile Include="luasocket\except.c">
      <Filter>3rd\luasocket</Filter>
    </ClCompile>
    <ClCompile Include="luasocket\inet.c">
      <Filter>3rd\luasocket</Filter>
    </ClCompile>
    <ClCompile Include="luasocket\luasocket.c">
      <Filter>3rd\luasocket</Filter>
    </ClCompile>
    <ClCompile Include="luasocket\luasocketio.c">
      <Filter>3rd\luasocket</Filter>
    </ClCompile>
    <ClCompile Include="luasocket\options.c">
      <Filter>3rd\luasocket</Filter>
    </ClCompile>
    <ClCompile Include="luasocket\select.c">
      <Filter>3rd\luasocket</Filter>
    </ClCompile>
    <ClCompile Include="luasocket\tcp.c">
      <Filter>3rd\luasocket</Filter>
    </ClCompile>
    <ClCompile Include="luasocket\timeout.c">
      <Filter>3rd\luasocket</Filter>
    </ClCompile>
    <ClCompile Include="luasocket\unix.c">
      <Filter>3rd\luasocket</Filter>
    </ClCompile>
    <ClCompile Include="luasocket\unixtcp.c">
      <Filter>3rd\luasocket</Filter>
    </ClCompile>
    <ClCompile Include="luasocket\usocket.c">
      <Filter>3rd\luasocket</Filter>
    </ClCompile>
    <ClCompile Include="luasocket\wsocket.c">
      <Filter>3rd\luasocket</Filter>
    </ClCompile>
    <ClCompile Include="luasql\ls_mysql.c">
      <Filter>3rd\luasql</Filter>
    </ClCompile>
    <ClCompile Include="luasql\luasql.c">
      <Filter>3rd\luasql</Filter>
    </ClCompile>
    <ClCompile Include="luafilesystem\lfs.c">
      <Filter>3rd\luafilesystem</Filter>
    </ClCompile>
    <ClCompile Include="protoc-gen-lua\pb.c">
      <Filter>3rd\protoc-gen-lua</Filter>
    </ClCompile>
    <ClCompile Include="lua_openlibs.cpp">
      <Filter>3rd</Filter>
    </ClCompile>
    <ClCompile Include="lua\lapi.c">
      <Filter>3rd\lua</Filter>
    </ClCompile>
    <ClCompile Include="lua\lauxlib.c">
      <Filter>3rd\lua</Filter>
    </ClCompile>
    <ClCompile Include="lua\lbaselib.c">
      <Filter>3rd\lua</Filter>
    </ClCompile>
    <ClCompile Include="lua\lcode.c">
      <Filter>3rd\lua</Filter>
    </ClCompile>
    <ClCompile Include="lua\ldblib.c">
      <Filter>3rd\lua</Filter>
    </ClCompile>
    <ClCompile Include="lua\ldebug.c">
      <Filter>3rd\lua</Filter>
    </ClCompile>
    <ClCompile Include="lua\ldo.c">
      <Filter>3rd\lua</Filter>
    </ClCompile>
    <ClCompile Include="lua\ldump.c">
      <Filter>3rd\lua</Filter>
    </ClCompile>
    <ClCompile Include="lua\lfunc.c">
      <Filter>3rd\lua</Filter>
    </ClCompile>
    <ClCompile Include="lua\lgc.c">
      <Filter>3rd\lua</Filter>
    </ClCompile>
    <ClCompile Include="lua\linit.c">
      <Filter>3rd\lua</Filter>
    </ClCompile>
    <ClCompile Include="lua\liolib.c">
      <Filter>3rd\lua</Filter>
    </ClCompile>
    <ClCompile Include="lua\llex.c">
      <Filter>3rd\lua</Filter>
    </ClCompile>
    <ClCompile Include="lua\lmathlib.c">
      <Filter>3rd\lua</Filter>
    </ClCompile>
    <ClCompile Include="lua\lmem.c">
      <Filter>3rd\lua</Filter>
    </ClCompile>
    <ClCompile Include="lua\loadlib.c">
      <Filter>3rd\lua</Filter>
    </ClCompile>
    <ClCompile Include="lua\lobject.c">
      <Filter>3rd\lua</Filter>
    </ClCompile>
    <ClCompile Include="lua\lopcodes.c">
      <Filter>3rd\lua</Filter>
    </ClCompile>
    <ClCompile Include="lua\loslib.c">
      <Filter>3rd\lua</Filter>
    </ClCompile>
    <ClCompile Include="lua\lparser.c">
      <Filter>3rd\lua</Filter>
    </ClCompile>
    <ClCompile Include="lua\lstate.c">
      <Filter>3rd\lua</Filter>
    </ClCompile>
    <ClCompile Include="lua\lstring.c">
      <Filter>3rd\lua</Filter>
    </ClCompile>
    <ClCompile Include="lua\lstrlib.c">
      <Filter>3rd\lua</Filter>
    </ClCompile>
    <ClCompile Include="lua\ltable.c">
      <Filter>3rd\lua</Filter>
    </ClCompile>
    <ClCompile Include="lua\ltablib.c">
      <Filter>3rd\lua</Filter>
    </ClCompile>
    <ClCompile Include="lua\ltm.c">
      <Filter>3rd\lua</Filter>
    </ClCompile>
    <ClCompile Include="lua\lua.c">
      <Filter>3rd\lua</Filter>
    </ClCompile>
    <ClCompile Include="lua\luac.c">
      <Filter>3rd\lua</Filter>
    </ClCompile>
    <ClCompile Include="lua\lundump.c">
      <Filter>3rd\lua</Filter>
    </ClCompile>
    <ClCompile Include="lua\lvm.c">
      <Filter>3rd\lua</Filter>
    </ClCompile>
    <ClCompile Include="lua\lzio.c">
      <Filter>3rd\lua</Filter>
    </ClCompile>
    <ClCompile Include="lua\print.c">
      <Filter>3rd\lua</Filter>
    </ClCompile>
  </ItemGroup>
  <ItemGroup>
    <ClInclude Include="lpeg\lpcap.h">
      <Filter>3rd\lpeg</Filter>
    </ClInclude>
    <ClInclude Include="lpeg\lpcode.h">
      <Filter>3rd\lpeg</Filter>
    </ClInclude>
    <ClInclude Include="lpeg\lpprint.h">
      <Filter>3rd\lpeg</Filter>
    </ClInclude>
    <ClInclude Include="lpeg\lptree.h">
      <Filter>3rd\lpeg</Filter>
    </ClInclude>
    <ClInclude Include="lpeg\lptypes.h">
      <Filter>3rd\lpeg</Filter>
    </ClInclude>
    <ClInclude Include="lpeg\lpvm.h">
      <Filter>3rd\lpeg</Filter>
    </ClInclude>
    <ClInclude Include="luacjson\dtoa_config.h">
      <Filter>3rd\luacjson</Filter>
    </ClInclude>
    <ClInclude Include="luacjson\fpconv.h">
      <Filter>3rd\luacjson</Filter>
    </ClInclude>
    <ClInclude Include="luacjson\strbuf.h">
      <Filter>3rd\luacjson</Filter>
    </ClInclude>
    <ClInclude Include="luasocket\auxiliar.h">
      <Filter>3rd\luasocket</Filter>
    </ClInclude>
    <ClInclude Include="luasocket\buffer.h">
      <Filter>3rd\luasocket</Filter>
    </ClInclude>
    <ClInclude Include="luasocket\compat.h">
      <Filter>3rd\luasocket</Filter>
    </ClInclude>
    <ClInclude Include="luasocket\except.h">
      <Filter>3rd\luasocket</Filter>
    </ClInclude>
    <ClInclude Include="luasocket\inet.h">
      <Filter>3rd\luasocket</Filter>
    </ClInclude>
    <ClInclude Include="luasocket\luasocket.h">
      <Filter>3rd\luasocket</Filter>
    </ClInclude>
    <ClInclude Include="luasocket\luasocketio.h">
      <Filter>3rd\luasocket</Filter>
    </ClInclude>
    <ClInclude Include="luasocket\options.h">
      <Filter>3rd\luasocket</Filter>
    </ClInclude>
    <ClInclude Include="luasocket\pierror.h">
      <Filter>3rd\luasocket</Filter>
    </ClInclude>
    <ClInclude Include="luasocket\select.h">
      <Filter>3rd\luasocket</Filter>
    </ClInclude>
    <ClInclude Include="luasocket\socket.h">
      <Filter>3rd\luasocket</Filter>
    </ClInclude>
    <ClInclude Include="luasocket\tcp.h">
      <Filter>3rd\luasocket</Filter>
    </ClInclude>
    <ClInclude Include="luasocket\timeout.h">
      <Filter>3rd\luasocket</Filter>
    </ClInclude>
    <ClInclude Include="luasocket\unix.h">
      <Filter>3rd\luasocket</Filter>
    </ClInclude>
    <ClInclude Include="luasocket\unixtcp.h">
      <Filter>3rd\luasocket</Filter>
    </ClInclude>
    <ClInclude Include="luasocket\usocket.h">
      <Filter>3rd\luasocket</Filter>
    </ClInclude>
    <ClInclude Include="luasocket\wsocket.h">
      <Filter>3rd\luasocket</Filter>
    </ClInclude>
    <ClInclude Include="luasql\luasql.h">
      <Filter>3rd\luasql</Filter>
    </ClInclude>
    <ClInclude Include="luaintf\QtLuaIntf.h">
      <Filter>3rd\luaintf</Filter>
    </ClInclude>
    <ClInclude Include="luaintf\impl\CppArg.h">
      <Filter>3rd\luaintf</Filter>
    </ClInclude>
    <ClInclude Include="luaintf\impl\CppBindClass.h">
      <Filter>3rd\luaintf</Filter>
    </ClInclude>
    <ClInclude Include="luaintf\impl\CppBindModule.h">
      <Filter>3rd\luaintf</Filter>
    </ClInclude>
    <ClInclude Include="luaintf\impl\CppFunction.h">
      <Filter>3rd\luaintf</Filter>
    </ClInclude>
    <ClInclude Include="luaintf\impl\CppInvoke.h">
      <Filter>3rd\luaintf</Filter>
    </ClInclude>
    <ClInclude Include="luaintf\LuaCompat.h">
      <Filter>3rd\luaintf</Filter>
    </ClInclude>
    <ClInclude Include="luaintf\impl\CppObject.h">
      <Filter>3rd\luaintf</Filter>
    </ClInclude>
    <ClInclude Include="luaintf\LuaContext.h">
      <Filter>3rd\luaintf</Filter>
    </ClInclude>
    <ClInclude Include="luaintf\impl\LuaException.h">
      <Filter>3rd\luaintf</Filter>
    </ClInclude>
    <ClInclude Include="luaintf\LuaIntf.h">
      <Filter>3rd\luaintf</Filter>
    </ClInclude>
    <ClInclude Include="luaintf\LuaRef.h">
      <Filter>3rd\luaintf</Filter>
    </ClInclude>
    <ClInclude Include="luaintf\LuaState.h">
      <Filter>3rd\luaintf</Filter>
    </ClInclude>
    <ClInclude Include="luaintf\impl\LuaType.h">
      <Filter>3rd\luaintf</Filter>
    </ClInclude>
    <ClInclude Include="luafilesystem\lfs.h">
      <Filter>3rd\luafilesystem</Filter>
    </ClInclude>
    <ClInclude Include="protoc-gen-lua\pb.h">
      <Filter>3rd\protoc-gen-lua</Filter>
    </ClInclude>
    <ClInclude Include="lua_openlibs.h">
      <Filter>3rd</Filter>
    </ClInclude>
    <ClInclude Include="lua\lapi.h">
      <Filter>3rd\lua</Filter>
    </ClInclude>
    <ClInclude Include="lua\lauxlib.h">
      <Filter>3rd\lua</Filter>
    </ClInclude>
    <ClInclude Include="lua\lcode.h">
      <Filter>3rd\lua</Filter>
    </ClInclude>
    <ClInclude Include="lua\ldebug.h">
      <Filter>3rd\lua</Filter>
    </ClInclude>
    <ClInclude Include="lua\ldo.h">
      <Filter>3rd\lua</Filter>
    </ClInclude>
    <ClInclude Include="lua\lfunc.h">
      <Filter>3rd\lua</Filter>
    </ClInclude>
    <ClInclude Include="lua\lgc.h">
      <Filter>3rd\lua</Filter>
    </ClInclude>
    <ClInclude Include="lua\llex.h">
      <Filter>3rd\lua</Filter>
    </ClInclude>
    <ClInclude Include="lua\llimits.h">
      <Filter>3rd\lua</Filter>
    </ClInclude>
    <ClInclude Include="lua\lmem.h">
      <Filter>3rd\lua</Filter>
    </ClInclude>
    <ClInclude Include="lua\lobject.h">
      <Filter>3rd\lua</Filter>
    </ClInclude>
    <ClInclude Include="lua\lopcodes.h">
      <Filter>3rd\lua</Filter>
    </ClInclude>
    <ClInclude Include="lua\lparser.h">
      <Filter>3rd\lua</Filter>
    </ClInclude>
    <ClInclude Include="lua\lstate.h">
      <Filter>3rd\lua</Filter>
    </ClInclude>
    <ClInclude Include="lua\lstring.h">
      <Filter>3rd\lua</Filter>
    </ClInclude>
    <ClInclude Include="lua\ltable.h">
      <Filter>3rd\lua</Filter>
    </ClInclude>
    <ClInclude Include="lua\ltm.h">
      <Filter>3rd\lua</Filter>
    </ClInclude>
    <ClInclude Include="lua\lua.h">
      <Filter>3rd\lua</Filter>
    </ClInclude>
    <ClInclude Include="lua\luaconf.h">
      <Filter>3rd\lua</Filter>
    </ClInclude>
    <ClInclude Include="lua\lualib.h">
      <Filter>3rd\lua</Filter>
    </ClInclude>
    <ClInclude Include="lua\lundump.h">
      <Filter>3rd\lua</Filter>
    </ClInclude>
    <ClInclude Include="lua\lvm.h">
      <Filter>3rd\lua</Filter>
    </ClInclude>
    <ClInclude Include="lua\lzio.h">
      <Filter>3rd\lua</Filter>
    </ClInclude>
  </ItemGroup>
  <ItemGroup>
    <None Include="lua\lua-5.1.5.tar.gz">
      <Filter>3rd\lua</Filter>
    </None>
    <None Include="lua\Makefile">
      <Filter>3rd\lua</Filter>
    </None>
  </ItemGroup>
</Project>