<?xml version="1.0" encoding="utf-8"?>
<Project ToolsVersion="4.0" xmlns="http://schemas.microsoft.com/developer/msbuild/2003">
  <ItemGroup>
    <Filter Include="3rd">
      <UniqueIdentifier>{d0bfd215-4f29-4618-ab23-d4814fcb12ba}</UniqueIdentifier>
    </Filter>
    <Filter Include="3rd\lpeg">
      <UniqueIdentifier>{de1fc017-29e2-4ab8-b6a4-1390b32a1c6f}</UniqueIdentifier>
    </Filter>
    <Filter Include="3rd\luacjson">
      <UniqueIdentifier>{b14187ca-268c-4e01-9263-1a0b811084e5}</UniqueIdentifier>
    </Filter>
    <Filter Include="3rd\luasocket">
      <UniqueIdentifier>{e04817d0-cf9e-41ad-bd2d-2936feafe392}</UniqueIdentifier>
    </Filter>
    <Filter Include="3rd\luasql">
      <UniqueIdentifier>{bad8d4c8-2e15-4b9d-8917-02ce30588767}</UniqueIdentifier>
    </Filter>
    <Filter Include="3rd\luaintf">
      <UniqueIdentifier>{5af3fec1-130c-4deb-94e3-fc4f158a861f}</UniqueIdentifier>
    </Filter>
    <Filter Include="3rd\luafilesystem">
      <UniqueIdentifier>{2309f5d5-e667-4346-8f7b-5b01ade0ba7a}</UniqueIdentifier>
    </Filter>
    <Filter Include="3rd\lua">
      <UniqueIdentifier>{52104c38-023e-4805-ab1f-bdb0dcca8ca0}</UniqueIdentifier>
    </Filter>
    <Filter Include="3rd\protoc-gen-lua">
      <UniqueIdentifier>{00d7c538-ddc4-45ee-b8db-66295d9501ac}</UniqueIdentifier>
    </Filter>
    <Filter Include="3rd\luajit">
      <UniqueIdentifier>{c8a93338-b5e8-49d1-a6c3-7f3663fc0f39}</UniqueIdentifier>
    </Filter>
  </ItemGroup>
  <ItemGroup>
    <ClCompile Include="lpeg\lpcap.c">
      <Filter>3rd\lpeg</Filter>
    </ClCompile>
    <ClCompile Include="lpeg\lpcode.c">
      <Filter>3rd\lpeg</Filter>
    </ClCompile>
    <ClCompile Include="lpeg\lpprint.c">
      <Filter>3rd\lpeg</Filter>
    </ClCompile>
    <ClCompile Include="lpeg\lptree.c">
      <Filter>3rd\lpeg</Filter>
    </ClCompile>
    <ClCompile Include="lpeg\lpvm.c">
      <Filter>3rd\lpeg</Filter>
    </ClCompile>
    <ClCompile Include="luacjson\dtoa.c">
      <Filter>3rd\luacjson</Filter>
    </ClCompile>
    <ClCompile Include="luacjson\g_fmt.c">
      <Filter>3rd\luacjson</Filter>
    </ClCompile>
    <ClCompile Include="luacjson\lua_cjson.c">
      <Filter>3rd\luacjson</Filter>
    </ClCompile>
    <ClCompile Include="luacjson\strbuf.c">
      <Filter>3rd\luacjson</Filter>
    </ClCompile>
    <ClCompile Include="luasocket\auxiliar.c">
      <Filter>3rd\luasocket</Filter>
    </ClCompile>
    <ClCompile Include="luasocket\buffer.c">
      <Filter>3rd\luasocket</Filter>
    </ClCompile>
    <ClCompile Include="luasocket\compat.c">
      <Filter>3rd\luasocket</Filter>
    </ClCompile>
    <ClCompile Include="luasocket\except.c">
      <Filter>3rd\luasocket</Filter>
    </ClCompile>
    <ClCompile Include="luasocket\inet.c">
      <Filter>3rd\luasocket</Filter>
    </ClCompile>
    <ClCompile Include="luasocket\luasocket.c">
      <Filter>3rd\luasocket</Filter>
    </ClCompile>
    <ClCompile Include="luasocket\luasocketio.c">
      <Filter>3rd\luasocket</Filter>
    </ClCompile>
    <ClCompile Include="luasocket\options.c">
      <Filter>3rd\luasocket</Filter>
    </ClCompile>
    <ClCompile Include="luasocket\select.c">
      <Filter>3rd\luasocket</Filter>
    </ClCompile>
    <ClCompile Include="luasocket\tcp.c">
      <Filter>3rd\luasocket</Filter>
    </ClCompile>
    <ClCompile Include="luasocket\timeout.c">
      <Filter>3rd\luasocket</Filter>
    </ClCompile>
    <ClCompile Include="luasocket\unix.c">
      <Filter>3rd\luasocket</Filter>
    </ClCompile>
    <ClCompile Include="luasocket\unixtcp.c">
      <Filter>3rd\luasocket</Filter>
    </ClCompile>
    <ClCompile Include="luasocket\usocket.c">
      <Filter>3rd\luasocket</Filter>
    </ClCompile>
    <ClCompile Include="luasocket\wsocket.c">
      <Filter>3rd\luasocket</Filter>
    </ClCompile>
    <ClCompile Include="luasql\ls_mysql.c">
      <Filter>3rd\luasql</Filter>
    </ClCompile>
    <ClCompile Include="luasql\luasql.c">
      <Filter>3rd\luasql</Filter>
    </ClCompile>
    <ClCompile Include="luafilesystem\lfs.c">
      <Filter>3rd\luafilesystem</Filter>
    </ClCompile>
    <ClCompile Include="protoc-gen-lua\pb.c">
      <Filter>3rd\protoc-gen-lua</Filter>
    </ClCompile>
    <ClCompile Include="LuaJIT\src\lib_aux.c">
      <Filter>3rd\luajit</Filter>
    </ClCompile>
    <ClCompile Include="LuaJIT\src\lib_base.c">
      <Filter>3rd\luajit</Filter>
    </ClCompile>
    <ClCompile Include="LuaJIT\src\lib_bit.c">
      <Filter>3rd\luajit</Filter>
    </ClCompile>
    <ClCompile Include="LuaJIT\src\lib_debug.c">
      <Filter>3rd\luajit</Filter>
    </ClCompile>
    <ClCompile Include="LuaJIT\src\lib_ffi.c">
      <Filter>3rd\luajit</Filter>
    </ClCompile>
    <ClCompile Include="LuaJIT\src\lib_init.c">
      <Filter>3rd\luajit</Filter>
    </ClCompile>
    <ClCompile Include="LuaJIT\src\lib_io.c">
      <Filter>3rd\luajit</Filter>
    </ClCompile>
    <ClCompile Include="LuaJIT\src\lib_jit.c">
      <Filter>3rd\luajit</Filter>
    </ClCompile>
    <ClCompile Include="LuaJIT\src\lib_math.c">
      <Filter>3rd\luajit</Filter>
    </ClCompile>
    <ClCompile Include="LuaJIT\src\lib_os.c">
      <Filter>3rd\luajit</Filter>
    </ClCompile>
    <ClCompile Include="LuaJIT\src\lib_package.c">
      <Filter>3rd\luajit</Filter>
    </ClCompile>
    <ClCompile Include="LuaJIT\src\lib_string.c">
      <Filter>3rd\luajit</Filter>
    </ClCompile>
    <ClCompile Include="LuaJIT\src\lib_table.c">
      <Filter>3rd\luajit</Filter>
    </ClCompile>
    <ClCompile Include="LuaJIT\src\lj_alloc.c">
      <Filter>3rd\luajit</Filter>
    </ClCompile>
    <ClCompile Include="LuaJIT\src\lj_api.c">
      <Filter>3rd\luajit</Filter>
    </ClCompile>
    <ClCompile Include="LuaJIT\src\lj_asm.c">
      <Filter>3rd\luajit</Filter>
    </ClCompile>
    <ClCompile Include="LuaJIT\src\lj_bc.c">
      <Filter>3rd\luajit</Filter>
    </ClCompile>
    <ClCompile Include="LuaJIT\src\lj_bcread.c">
      <Filter>3rd\luajit</Filter>
    </ClCompile>
    <ClCompile Include="LuaJIT\src\lj_bcwrite.c">
      <Filter>3rd\luajit</Filter>
    </ClCompile>
    <ClCompile Include="LuaJIT\src\lj_carith.c">
      <Filter>3rd\luajit</Filter>
    </ClCompile>
    <ClCompile Include="LuaJIT\src\lj_ccall.c">
      <Filter>3rd\luajit</Filter>
    </ClCompile>
    <ClCompile Include="LuaJIT\src\lj_ccallback.c">
      <Filter>3rd\luajit</Filter>
    </ClCompile>
    <ClCompile Include="LuaJIT\src\lj_cconv.c">
      <Filter>3rd\luajit</Filter>
    </ClCompile>
    <ClCompile Include="LuaJIT\src\lj_cdata.c">
      <Filter>3rd\luajit</Filter>
    </ClCompile>
    <ClCompile Include="LuaJIT\src\lj_char.c">
      <Filter>3rd\luajit</Filter>
    </ClCompile>
    <ClCompile Include="LuaJIT\src\lj_clib.c">
      <Filter>3rd\luajit</Filter>
    </ClCompile>
    <ClCompile Include="LuaJIT\src\lj_cparse.c">
      <Filter>3rd\luajit</Filter>
    </ClCompile>
    <ClCompile Include="LuaJIT\src\lj_crecord.c">
      <Filter>3rd\luajit</Filter>
    </ClCompile>
    <ClCompile Include="LuaJIT\src\lj_ctype.c">
      <Filter>3rd\luajit</Filter>
    </ClCompile>
    <ClCompile Include="LuaJIT\src\lj_debug.c">
      <Filter>3rd\luajit</Filter>
    </ClCompile>
    <ClCompile Include="LuaJIT\src\lj_dispatch.c">
      <Filter>3rd\luajit</Filter>
    </ClCompile>
    <ClCompile Include="LuaJIT\src\lj_err.c">
      <Filter>3rd\luajit</Filter>
    </ClCompile>
    <ClCompile Include="LuaJIT\src\lj_ffrecord.c">
      <Filter>3rd\luajit</Filter>
    </ClCompile>
    <ClCompile Include="LuaJIT\src\lj_func.c">
      <Filter>3rd\luajit</Filter>
    </ClCompile>
    <ClCompile Include="LuaJIT\src\lj_gc.c">
      <Filter>3rd\luajit</Filter>
    </ClCompile>
    <ClCompile Include="LuaJIT\src\lj_gdbjit.c">
      <Filter>3rd\luajit</Filter>
    </ClCompile>
    <ClCompile Include="LuaJIT\src\lj_ir.c">
      <Filter>3rd\luajit</Filter>
    </ClCompile>
    <ClCompile Include="LuaJIT\src\lj_lex.c">
      <Filter>3rd\luajit</Filter>
    </ClCompile>
    <ClCompile Include="LuaJIT\src\lj_lib.c">
      <Filter>3rd\luajit</Filter>
    </ClCompile>
    <ClCompile Include="LuaJIT\src\lj_load.c">
      <Filter>3rd\luajit</Filter>
    </ClCompile>
    <ClCompile Include="LuaJIT\src\lj_mcode.c">
      <Filter>3rd\luajit</Filter>
    </ClCompile>
    <ClCompile Include="LuaJIT\src\lj_meta.c">
      <Filter>3rd\luajit</Filter>
    </ClCompile>
    <ClCompile Include="LuaJIT\src\lj_obj.c">
      <Filter>3rd\luajit</Filter>
    </ClCompile>
    <ClCompile Include="LuaJIT\src\lj_opt_dce.c">
      <Filter>3rd\luajit</Filter>
    </ClCompile>
    <ClCompile Include="LuaJIT\src\lj_opt_fold.c">
      <Filter>3rd\luajit</Filter>
    </ClCompile>
    <ClCompile Include="LuaJIT\src\lj_opt_loop.c">
      <Filter>3rd\luajit</Filter>
    </ClCompile>
    <ClCompile Include="LuaJIT\src\lj_opt_mem.c">
      <Filter>3rd\luajit</Filter>
    </ClCompile>
    <ClCompile Include="LuaJIT\src\lj_opt_narrow.c">
      <Filter>3rd\luajit</Filter>
    </ClCompile>
    <ClCompile Include="LuaJIT\src\lj_opt_sink.c">
      <Filter>3rd\luajit</Filter>
    </ClCompile>
    <ClCompile Include="LuaJIT\src\lj_opt_split.c">
      <Filter>3rd\luajit</Filter>
    </ClCompile>
    <ClCompile Include="LuaJIT\src\lj_parse.c">
      <Filter>3rd\luajit</Filter>
    </ClCompile>
    <ClCompile Include="LuaJIT\src\lj_record.c">
      <Filter>3rd\luajit</Filter>
    </ClCompile>
    <ClCompile Include="LuaJIT\src\lj_snap.c">
      <Filter>3rd\luajit</Filter>
    </ClCompile>
    <ClCompile Include="LuaJIT\src\lj_state.c">
      <Filter>3rd\luajit</Filter>
    </ClCompile>
    <ClCompile Include="LuaJIT\src\lj_str.c">
      <Filter>3rd\luajit</Filter>
    </ClCompile>
    <ClCompile Include="LuaJIT\src\lj_strscan.c">
      <Filter>3rd\luajit</Filter>
    </ClCompile>
    <ClCompile Include="LuaJIT\src\lj_tab.c">
      <Filter>3rd\luajit</Filter>
    </ClCompile>
    <ClCompile Include="LuaJIT\src\lj_trace.c">
      <Filter>3rd\luajit</Filter>
    </ClCompile>
    <ClCompile Include="LuaJIT\src\lj_udata.c">
      <Filter>3rd\luajit</Filter>
    </ClCompile>
    <ClCompile Include="LuaJIT\src\lj_vmevent.c">
      <Filter>3rd\luajit</Filter>
    </ClCompile>
    <ClCompile Include="LuaJIT\src\lj_vmmath.c">
      <Filter>3rd\luajit</Filter>
    </ClCompile>
    <ClCompile Include="LuaJIT\src\ljamalg.c">
      <Filter>3rd\luajit</Filter>
    </ClCompile>
    <ClCompile Include="LuaJIT\src\luajit.c">
      <Filter>3rd\luajit</Filter>
    </ClCompile>
  </ItemGroup>
  <ItemGroup>
    <ClInclude Include="lpeg\lpcap.h">
      <Filter>3rd\lpeg</Filter>
    </ClInclude>
    <ClInclude Include="lpeg\lpcode.h">
      <Filter>3rd\lpeg</Filter>
    </ClInclude>
    <ClInclude Include="lpeg\lpprint.h">
      <Filter>3rd\lpeg</Filter>
    </ClInclude>
    <ClInclude Include="lpeg\lptree.h">
      <Filter>3rd\lpeg</Filter>
    </ClInclude>
    <ClInclude Include="lpeg\lptypes.h">
      <Filter>3rd\lpeg</Filter>
    </ClInclude>
    <ClInclude Include="lpeg\lpvm.h">
      <Filter>3rd\lpeg</Filter>
    </ClInclude>
    <ClInclude Include="luacjson\dtoa_config.h">
      <Filter>3rd\luacjson</Filter>
    </ClInclude>
    <ClInclude Include="luacjson\fpconv.h">
      <Filter>3rd\luacjson</Filter>
    </ClInclude>
    <ClInclude Include="luacjson\strbuf.h">
      <Filter>3rd\luacjson</Filter>
    </ClInclude>
    <ClInclude Include="luasocket\auxiliar.h">
      <Filter>3rd\luasocket</Filter>
    </ClInclude>
    <ClInclude Include="luasocket\buffer.h">
      <Filter>3rd\luasocket</Filter>
    </ClInclude>
    <ClInclude Include="luasocket\compat.h">
      <Filter>3rd\luasocket</Filter>
    </ClInclude>
    <ClInclude Include="luasocket\except.h">
      <Filter>3rd\luasocket</Filter>
    </ClInclude>
    <ClInclude Include="luasocket\inet.h">
      <Filter>3rd\luasocket</Filter>
    </ClInclude>
    <ClInclude Include="luasocket\luasocket.h">
      <Filter>3rd\luasocket</Filter>
    </ClInclude>
    <ClInclude Include="luasocket\luasocketio.h">
      <Filter>3rd\luasocket</Filter>
    </ClInclude>
    <ClInclude Include="luasocket\options.h">
      <Filter>3rd\luasocket</Filter>
    </ClInclude>
    <ClInclude Include="luasocket\pierror.h">
      <Filter>3rd\luasocket</Filter>
    </ClInclude>
    <ClInclude Include="luasocket\select.h">
      <Filter>3rd\luasocket</Filter>
    </ClInclude>
    <ClInclude Include="luasocket\socket.h">
      <Filter>3rd\luasocket</Filter>
    </ClInclude>
    <ClInclude Include="luasocket\tcp.h">
      <Filter>3rd\luasocket</Filter>
    </ClInclude>
    <ClInclude Include="luasocket\timeout.h">
      <Filter>3rd\luasocket</Filter>
    </ClInclude>
    <ClInclude Include="luasocket\unix.h">
      <Filter>3rd\luasocket</Filter>
    </ClInclude>
    <ClInclude Include="luasocket\unixtcp.h">
      <Filter>3rd\luasocket</Filter>
    </ClInclude>
    <ClInclude Include="luasocket\usocket.h">
      <Filter>3rd\luasocket</Filter>
    </ClInclude>
    <ClInclude Include="luasocket\wsocket.h">
      <Filter>3rd\luasocket</Filter>
    </ClInclude>
    <ClInclude Include="luasql\luasql.h">
      <Filter>3rd\luasql</Filter>
    </ClInclude>
    <ClInclude Include="luaintf\QtLuaIntf.h">
      <Filter>3rd\luaintf</Filter>
    </ClInclude>
    <ClInclude Include="luaintf\impl\CppArg.h">
      <Filter>3rd\luaintf</Filter>
    </ClInclude>
    <ClInclude Include="luaintf\impl\CppBindClass.h">
      <Filter>3rd\luaintf</Filter>
    </ClInclude>
    <ClInclude Include="luaintf\impl\CppBindModule.h">
      <Filter>3rd\luaintf</Filter>
    </ClInclude>
    <ClInclude Include="luaintf\impl\CppFunction.h">
      <Filter>3rd\luaintf</Filter>
    </ClInclude>
    <ClInclude Include="luaintf\impl\CppInvoke.h">
      <Filter>3rd\luaintf</Filter>
    </ClInclude>
    <ClInclude Include="luaintf\LuaCompat.h">
      <Filter>3rd\luaintf</Filter>
    </ClInclude>
    <ClInclude Include="luaintf\impl\CppObject.h">
      <Filter>3rd\luaintf</Filter>
    </ClInclude>
    <ClInclude Include="luaintf\LuaContext.h">
      <Filter>3rd\luaintf</Filter>
    </ClInclude>
    <ClInclude Include="luaintf\impl\LuaException.h">
      <Filter>3rd\luaintf</Filter>
    </ClInclude>
    <ClInclude Include="luaintf\LuaIntf.h">
      <Filter>3rd\luaintf</Filter>
    </ClInclude>
    <ClInclude Include="luaintf\LuaRef.h">
      <Filter>3rd\luaintf</Filter>
    </ClInclude>
    <ClInclude Include="luaintf\LuaState.h">
      <Filter>3rd\luaintf</Filter>
    </ClInclude>
    <ClInclude Include="luaintf\impl\LuaType.h">
      <Filter>3rd\luaintf</Filter>
    </ClInclude>
    <ClInclude Include="luafilesystem\lfs.h">
      <Filter>3rd\luafilesystem</Filter>
    </ClInclude>
    <ClInclude Include="protoc-gen-lua\pb.h">
      <Filter>3rd\protoc-gen-lua</Filter>
    </ClInclude>
    <ClInclude Include="LuaJIT\src\lauxlib.h">
      <Filter>3rd\luajit</Filter>
    </ClInclude>
    <ClInclude Include="LuaJIT\src\lj_alloc.h">
      <Filter>3rd\luajit</Filter>
    </ClInclude>
    <ClInclude Include="LuaJIT\src\lj_arch.h">
      <Filter>3rd\luajit</Filter>
    </ClInclude>
    <ClInclude Include="LuaJIT\src\lj_asm.h">
      <Filter>3rd\luajit</Filter>
    </ClInclude>
    <ClInclude Include="LuaJIT\src\lj_asm_arm.h">
      <Filter>3rd\luajit</Filter>
    </ClInclude>
    <ClInclude Include="LuaJIT\src\lj_asm_mips.h">
      <Filter>3rd\luajit</Filter>
    </ClInclude>
    <ClInclude Include="LuaJIT\src\lj_asm_ppc.h">
      <Filter>3rd\luajit</Filter>
    </ClInclude>
    <ClInclude Include="LuaJIT\src\lj_asm_x86.h">
      <Filter>3rd\luajit</Filter>
    </ClInclude>
    <ClInclude Include="LuaJIT\src\lj_bc.h">
      <Filter>3rd\luajit</Filter>
    </ClInclude>
    <ClInclude Include="LuaJIT\src\lj_bcdump.h">
      <Filter>3rd\luajit</Filter>
    </ClInclude>
    <ClInclude Include="LuaJIT\src\lj_carith.h">
      <Filter>3rd\luajit</Filter>
    </ClInclude>
    <ClInclude Include="LuaJIT\src\lj_ccall.h">
      <Filter>3rd\luajit</Filter>
    </ClInclude>
    <ClInclude Include="LuaJIT\src\lj_ccallback.h">
      <Filter>3rd\luajit</Filter>
    </ClInclude>
    <ClInclude Include="LuaJIT\src\lj_cconv.h">
      <Filter>3rd\luajit</Filter>
    </ClInclude>
    <ClInclude Include="LuaJIT\src\lj_cdata.h">
      <Filter>3rd\luajit</Filter>
    </ClInclude>
    <ClInclude Include="LuaJIT\src\lj_char.h">
      <Filter>3rd\luajit</Filter>
    </ClInclude>
    <ClInclude Include="LuaJIT\src\lj_clib.h">
      <Filter>3rd\luajit</Filter>
    </ClInclude>
    <ClInclude Include="LuaJIT\src\lj_cparse.h">
      <Filter>3rd\luajit</Filter>
    </ClInclude>
    <ClInclude Include="LuaJIT\src\lj_crecord.h">
      <Filter>3rd\luajit</Filter>
    </ClInclude>
    <ClInclude Include="LuaJIT\src\lj_ctype.h">
      <Filter>3rd\luajit</Filter>
    </ClInclude>
    <ClInclude Include="LuaJIT\src\lj_debug.h">
      <Filter>3rd\luajit</Filter>
    </ClInclude>
    <ClInclude Include="LuaJIT\src\lj_def.h">
      <Filter>3rd\luajit</Filter>
    </ClInclude>
    <ClInclude Include="LuaJIT\src\lj_dispatch.h">
      <Filter>3rd\luajit</Filter>
    </ClInclude>
    <ClInclude Include="LuaJIT\src\lj_emit_arm.h">
      <Filter>3rd\luajit</Filter>
    </ClInclude>
    <ClInclude Include="LuaJIT\src\lj_emit_mips.h">
      <Filter>3rd\luajit</Filter>
    </ClInclude>
    <ClInclude Include="LuaJIT\src\lj_emit_ppc.h">
      <Filter>3rd\luajit</Filter>
    </ClInclude>
    <ClInclude Include="LuaJIT\src\lj_emit_x86.h">
      <Filter>3rd\luajit</Filter>
    </ClInclude>
    <ClInclude Include="LuaJIT\src\lj_err.h">
      <Filter>3rd\luajit</Filter>
    </ClInclude>
    <ClInclude Include="LuaJIT\src\lj_errmsg.h">
      <Filter>3rd\luajit</Filter>
    </ClInclude>
    <ClInclude Include="LuaJIT\src\lj_ff.h">
      <Filter>3rd\luajit</Filter>
    </ClInclude>
    <ClInclude Include="LuaJIT\src\lj_ffrecord.h">
      <Filter>3rd\luajit</Filter>
    </ClInclude>
    <ClInclude Include="LuaJIT\src\lj_frame.h">
      <Filter>3rd\luajit</Filter>
    </ClInclude>
    <ClInclude Include="LuaJIT\src\lj_func.h">
      <Filter>3rd\luajit</Filter>
    </ClInclude>
    <ClInclude Include="LuaJIT\src\lj_gc.h">
      <Filter>3rd\luajit</Filter>
    </ClInclude>
    <ClInclude Include="LuaJIT\src\lj_gdbjit.h">
      <Filter>3rd\luajit</Filter>
    </ClInclude>
    <ClInclude Include="LuaJIT\src\lj_ir.h">
      <Filter>3rd\luajit</Filter>
    </ClInclude>
    <ClInclude Include="LuaJIT\src\lj_ircall.h">
      <Filter>3rd\luajit</Filter>
    </ClInclude>
    <ClInclude Include="LuaJIT\src\lj_iropt.h">
      <Filter>3rd\luajit</Filter>
    </ClInclude>
    <ClInclude Include="LuaJIT\src\lj_jit.h">
      <Filter>3rd\luajit</Filter>
    </ClInclude>
    <ClInclude Include="LuaJIT\src\lj_lex.h">
      <Filter>3rd\luajit</Filter>
    </ClInclude>
    <ClInclude Include="LuaJIT\src\lj_lib.h">
      <Filter>3rd\luajit</Filter>
    </ClInclude>
    <ClInclude Include="LuaJIT\src\lj_mcode.h">
      <Filter>3rd\luajit</Filter>
    </ClInclude>
    <ClInclude Include="LuaJIT\src\lj_meta.h">
      <Filter>3rd\luajit</Filter>
    </ClInclude>
    <ClInclude Include="LuaJIT\src\lj_obj.h">
      <Filter>3rd\luajit</Filter>
    </ClInclude>
    <ClInclude Include="LuaJIT\src\lj_parse.h">
      <Filter>3rd\luajit</Filter>
    </ClInclude>
    <ClInclude Include="LuaJIT\src\lj_record.h">
      <Filter>3rd\luajit</Filter>
    </ClInclude>
    <ClInclude Include="LuaJIT\src\lj_snap.h">
      <Filter>3rd\luajit</Filter>
    </ClInclude>
    <ClInclude Include="LuaJIT\src\lj_state.h">
      <Filter>3rd\luajit</Filter>
    </ClInclude>
    <ClInclude Include="LuaJIT\src\lj_str.h">
      <Filter>3rd\luajit</Filter>
    </ClInclude>
    <ClInclude Include="LuaJIT\src\lj_strscan.h">
      <Filter>3rd\luajit</Filter>
    </ClInclude>
    <ClInclude Include="LuaJIT\src\lj_tab.h">
      <Filter>3rd\luajit</Filter>
    </ClInclude>
    <ClInclude Include="LuaJIT\src\lj_target.h">
      <Filter>3rd\luajit</Filter>
    </ClInclude>
    <ClInclude Include="LuaJIT\src\lj_target_arm.h">
      <Filter>3rd\luajit</Filter>
    </ClInclude>
    <ClInclude Include="LuaJIT\src\lj_target_mips.h">
      <Filter>3rd\luajit</Filter>
    </ClInclude>
    <ClInclude Include="LuaJIT\src\lj_target_ppc.h">
      <Filter>3rd\luajit</Filter>
    </ClInclude>
    <ClInclude Include="LuaJIT\src\lj_target_x86.h">
      <Filter>3rd\luajit</Filter>
    </ClInclude>
    <ClInclude Include="LuaJIT\src\lj_trace.h">
      <Filter>3rd\luajit</Filter>
    </ClInclude>
    <ClInclude Include="LuaJIT\src\lj_traceerr.h">
      <Filter>3rd\luajit</Filter>
    </ClInclude>
    <ClInclude Include="LuaJIT\src\lj_udata.h">
      <Filter>3rd\luajit</Filter>
    </ClInclude>
    <ClInclude Include="LuaJIT\src\lj_vm.h">
      <Filter>3rd\luajit</Filter>
    </ClInclude>
    <ClInclude Include="LuaJIT\src\lj_vmevent.h">
      <Filter>3rd\luajit</Filter>
    </ClInclude>
    <ClInclude Include="LuaJIT\src\lua.h">
      <Filter>3rd\luajit</Filter>
    </ClInclude>
    <ClInclude Include="LuaJIT\src\lua.hpp">
      <Filter>3rd\luajit</Filter>
    </ClInclude>
    <ClInclude Include="LuaJIT\src\luaconf.h">
      <Filter>3rd\luajit</Filter>
    </ClInclude>
    <ClInclude Include="LuaJIT\src\luajit.h">
      <Filter>3rd\luajit</Filter>
    </ClInclude>
    <ClInclude Include="LuaJIT\src\lualib.h">
      <Filter>3rd\luajit</Filter>
    </ClInclude>
  </ItemGroup>
  <ItemGroup>
    <None Include="LuaJIT\src\lj.supp">
      <Filter>3rd\luajit</Filter>
    </None>
    <None Include="LuaJIT\src\Makefile">
      <Filter>3rd\luajit</Filter>
    </None>
    <None Include="LuaJIT\src\Makefile.dep">
      <Filter>3rd\luajit</Filter>
    </None>
    <None Include="LuaJIT\src\msvcbuild.bat">
      <Filter>3rd\luajit</Filter>
    </None>
    <None Include="LuaJIT\src\ps4build.bat">
      <Filter>3rd\luajit</Filter>
    </None>
    <None Include="LuaJIT\src\psvitabuild.bat">
      <Filter>3rd\luajit</Filter>
    </None>
    <None Include="LuaJIT\src\vm_arm.dasc">
      <Filter>3rd\luajit</Filter>
    </None>
    <None Include="LuaJIT\src\vm_mips.dasc">
      <Filter>3rd\luajit</Filter>
    </None>
    <None Include="LuaJIT\src\vm_ppc.dasc">
      <Filter>3rd\luajit</Filter>
    </None>
    <None Include="LuaJIT\src\vm_ppcspe.dasc">
      <Filter>3rd\luajit</Filter>
    </None>
    <None Include="LuaJIT\src\vm_x86.dasc">
      <Filter>3rd\luajit</Filter>
    </None>
    <None Include="LuaJIT\src\xedkbuild.bat">
      <Filter>3rd\luajit</Filter>
    </None>
  </ItemGroup>
</Project>