<?xml version="1.0" encoding="utf-8"?>
<Project ToolsVersion="4.0" xmlns="http://schemas.microsoft.com/developer/msbuild/2003">
  <ItemGroup>
    <Filter Include="Common">
      <UniqueIdentifier>{1d735360-b356-404c-91c6-cf948839fc38}</UniqueIdentifier>
    </Filter>
  </ItemGroup>
  <ItemGroup>
    <ClCompile Include="NFBase64.cpp">
      <Filter>Common</Filter>
    </ClCompile>
    <ClCompile Include="NFCpu.cpp">
      <Filter>Common</Filter>
    </ClCompile>
    <ClCompile Include="NFCRC16.cpp">
      <Filter>Common</Filter>
    </ClCompile>
    <ClCompile Include="NFCRC32.cpp">
      <Filter>Common</Filter>
    </ClCompile>
    <ClCompile Include="NFDataStream.cpp">
      <Filter>Common</Filter>
    </ClCompile>
    <ClCompile Include="NFFileUtility.cpp">
      <Filter>Common</Filter>
    </ClCompile>
    <ClCompile Include="NFIniReader.cpp">
      <Filter>Common</Filter>
    </ClCompile>
    <ClCompile Include="NFMD5.cpp">
      <Filter>Common</Filter>
    </ClCompile>
    <ClCompile Include="NFMMOMD5.cpp">
      <Filter>Common</Filter>
    </ClCompile>
    <ClCompile Include="NFPHPMD5.cpp">
      <Filter>Common</Filter>
    </ClCompile>
    <ClCompile Include="NFProfiler.cpp">
      <Filter>Common</Filter>
    </ClCompile>
    <ClCompile Include="NFSHA1.cpp">
      <Filter>Common</Filter>
    </ClCompile>
    <ClCompile Include="NFStat.cpp">
      <Filter>Common</Filter>
    </ClCompile>
    <ClCompile Include="NFStringUtility.cpp">
      <Filter>Common</Filter>
    </ClCompile>
    <ClCompile Include="NFServerTimeMgr.cpp">
      <Filter>Common</Filter>
    </ClCompile>
    <ClCompile Include="NFNetBuffer.cpp">
      <Filter>Common</Filter>
    </ClCompile>
    <ClCompile Include="NFRandom.cpp">
      <Filter>Common</Filter>
    </ClCompile>
    <ClCompile Include="NFBuffer.cpp">
      <Filter>Common</Filter>
    </ClCompile>
    <ClCompile Include="NFSnprintf.cpp">
      <Filter>Common</Filter>
    </ClCompile>
    <ClCompile Include="NFError.cpp">
      <Filter>Common</Filter>
    </ClCompile>
    <ClCompile Include="NFJson.cpp">
      <Filter>Common</Filter>
    </ClCompile>
    <ClCompile Include="NFObject.cpp">
      <Filter>Common</Filter>
    </ClCompile>
    <ClCompile Include="NFMutex.cpp">
      <Filter>Common</Filter>
    </ClCompile>
  </ItemGroup>
  <ItemGroup>
    <ClInclude Include="NFBase64.h">
      <Filter>Common</Filter>
    </ClInclude>
    <ClInclude Include="NFConsistentHash.hpp">
      <Filter>Common</Filter>
    </ClInclude>
    <ClInclude Include="NFCpu.h">
      <Filter>Common</Filter>
    </ClInclude>
    <ClInclude Include="NFCRC16.h">
      <Filter>Common</Filter>
    </ClInclude>
    <ClInclude Include="NFCRC32.h">
      <Filter>Common</Filter>
    </ClInclude>
    <ClInclude Include="NFDataStream.h">
      <Filter>Common</Filter>
    </ClInclude>
    <ClInclude Include="NFDateTime.hpp">
      <Filter>Common</Filter>
    </ClInclude>
    <ClInclude Include="NFDeclareProperty.h">
      <Filter>Common</Filter>
    </ClInclude>
    <ClInclude Include="NFException.hpp">
      <Filter>Common</Filter>
    </ClInclude>
    <ClInclude Include="NFFileUtility.h">
      <Filter>Common</Filter>
    </ClInclude>
    <ClInclude Include="NFIniReader.h">
      <Filter>Common</Filter>
    </ClInclude>
    <ClInclude Include="NFMath.hpp">
      <Filter>Common</Filter>
    </ClInclude>
    <ClInclude Include="NFMD5.h">
      <Filter>Common</Filter>
    </ClInclude>
    <ClInclude Include="NFMemManager.hpp">
      <Filter>Common</Filter>
    </ClInclude>
    <ClInclude Include="NFMMOMD5.h">
      <Filter>Common</Filter>
    </ClInclude>
    <ClInclude Include="NFPHPMD5.h">
      <Filter>Common</Filter>
    </ClInclude>
    <ClInclude Include="NFProfiler.h">
      <Filter>Common</Filter>
    </ClInclude>
    <ClInclude Include="NFQueue.hpp">
      <Filter>Common</Filter>
    </ClInclude>
    <ClInclude Include="NFRandom.hpp">
      <Filter>Common</Filter>
    </ClInclude>
    <ClInclude Include="NFSHA1.h">
      <Filter>Common</Filter>
    </ClInclude>
    <ClInclude Include="NFSingleton.hpp">
      <Filter>Common</Filter>
    </ClInclude>
    <ClInclude Include="NFStat.h">
      <Filter>Common</Filter>
    </ClInclude>
    <ClInclude Include="NFStringUtility.h">
      <Filter>Common</Filter>
    </ClInclude>
    <ClInclude Include="NFSlice.hpp">
      <Filter>Common</Filter>
    </ClInclude>
    <ClInclude Include="NFServerTimeMgr.h">
      <Filter>Common</Filter>
    </ClInclude>
    <ClInclude Include="NFPlatform.h">
      <Filter>Common</Filter>
    </ClInclude>
    <ClInclude Include="NFNetBuffer.h">
      <Filter>Common</Filter>
    </ClInclude>
    <ClInclude Include="NFThread.hpp">
      <Filter>Common</Filter>
    </ClInclude>
    <ClInclude Include="NFBuffer.h">
      <Filter>Common</Filter>
    </ClInclude>
    <ClInclude Include="NFSimpleBuffer.h">
      <Filter>Common</Filter>
    </ClInclude>
    <ClInclude Include="NFLikely.h">
      <Filter>Common</Filter>
    </ClInclude>
    <ClInclude Include="NFNonCopyable.h">
      <Filter>Common</Filter>
    </ClInclude>
    <ClInclude Include="NFSnprintf.h">
      <Filter>Common</Filter>
    </ClInclude>
    <ClInclude Include="NFError.h">
      <Filter>Common</Filter>
    </ClInclude>
    <ClInclude Include="NFJson.h">
      <Filter>Common</Filter>
    </ClInclude>
    <ClInclude Include="NFObject.h">
      <Filter>Common</Filter>
    </ClInclude>
    <ClInclude Include="NFHash.hpp">
      <Filter>Common</Filter>
    </ClInclude>
    <ClInclude Include="NFMutex.h">
      <Filter>Common</Filter>
    </ClInclude>
    <ClInclude Include="NFMacros.h">
      <Filter>Common</Filter>
    </ClInclude>
    <ClInclude Include="NFPlatformMacros.h">
      <Filter>Common</Filter>
    </ClInclude>
  </ItemGroup>
</Project>