<?xml version="1.0" encoding="utf-8"?>
<Project ToolsVersion="4.0" xmlns="http://schemas.microsoft.com/developer/msbuild/2003">
  <ItemGroup>
    <ClCompile Include="NFGameHumanPlugin.cpp" />
    <ClCompile Include="NFHumanControllerModule.cpp" />
    <ClCompile Include="NFHumanModule.cpp" />
    <ClCompile Include="NFHumanServicesModule.cpp" />
  </ItemGroup>
  <ItemGroup>
    <ClInclude Include="NFGameHumanPlugin.h" />
    <ClInclude Include="NFHumanServicesModule.h" />
    <ClInclude Include="NFHumanControllerModule.h" />
    <ClInclude Include="NFHumanModule.h" />
  </ItemGroup>
</Project>