<?xml version="1.0" encoding="utf-8"?>
<Project ToolsVersion="4.0" xmlns="http://schemas.microsoft.com/developer/msbuild/2003">
  <ItemGroup>
    <ClInclude Include="optional.hpp" />
    <ClInclude Include="variant.hpp" />
    <ClInclude Include="lexical_cast.hpp" />
    <ClInclude Include="sigar\win32\sigar.h">
      <Filter>sigar</Filter>
    </ClInclude>
    <ClInclude Include="sigar\win32\sigar_fileinfo.h">
      <Filter>sigar</Filter>
    </ClInclude>
    <ClInclude Include="sigar\win32\sigar_format.h">
      <Filter>sigar</Filter>
    </ClInclude>
    <ClInclude Include="sigar\win32\sigar_getline.h">
      <Filter>sigar</Filter>
    </ClInclude>
    <ClInclude Include="sigar\win32\sigar_log.h">
      <Filter>sigar</Filter>
    </ClInclude>
    <ClInclude Include="sigar\win32\sigar_os.h">
      <Filter>sigar</Filter>
    </ClInclude>
    <ClInclude Include="sigar\win32\sigar_pdh.h">
      <Filter>sigar</Filter>
    </ClInclude>
    <ClInclude Include="sigar\win32\sigar_private.h">
      <Filter>sigar</Filter>
    </ClInclude>
    <ClInclude Include="sigar\win32\sigar_ptql.h">
      <Filter>sigar</Filter>
    </ClInclude>
    <ClInclude Include="sigar\win32\sigar_util.h">
      <Filter>sigar</Filter>
    </ClInclude>
    <ClInclude Include="RapidXML\rapidxml.hpp">
      <Filter>rapidxml</Filter>
    </ClInclude>
    <ClInclude Include="RapidXML\rapidxml_iterators.hpp">
      <Filter>rapidxml</Filter>
    </ClInclude>
    <ClInclude Include="RapidXML\rapidxml_print.hpp">
      <Filter>rapidxml</Filter>
    </ClInclude>
    <ClInclude Include="RapidXML\rapidxml_utils.hpp">
      <Filter>rapidxml</Filter>
    </ClInclude>
    <ClInclude Include="rapidjson\allocators.h">
      <Filter>rapidjson</Filter>
    </ClInclude>
    <ClInclude Include="rapidjson\document.h">
      <Filter>rapidjson</Filter>
    </ClInclude>
    <ClInclude Include="rapidjson\encodedstream.h">
      <Filter>rapidjson</Filter>
    </ClInclude>
    <ClInclude Include="rapidjson\encodings.h">
      <Filter>rapidjson</Filter>
    </ClInclude>
    <ClInclude Include="rapidjson\filereadstream.h">
      <Filter>rapidjson</Filter>
    </ClInclude>
    <ClInclude Include="rapidjson\filewritestream.h">
      <Filter>rapidjson</Filter>
    </ClInclude>
    <ClInclude Include="rapidjson\fwd.h">
      <Filter>rapidjson</Filter>
    </ClInclude>
    <ClInclude Include="rapidjson\istreamwrapper.h">
      <Filter>rapidjson</Filter>
    </ClInclude>
    <ClInclude Include="rapidjson\memorybuffer.h">
      <Filter>rapidjson</Filter>
    </ClInclude>
    <ClInclude Include="rapidjson\memorystream.h">
      <Filter>rapidjson</Filter>
    </ClInclude>
    <ClInclude Include="rapidjson\ostreamwrapper.h">
      <Filter>rapidjson</Filter>
    </ClInclude>
    <ClInclude Include="rapidjson\pointer.h">
      <Filter>rapidjson</Filter>
    </ClInclude>
    <ClInclude Include="rapidjson\prettywriter.h">
      <Filter>rapidjson</Filter>
    </ClInclude>
    <ClInclude Include="rapidjson\rapidjson.h">
      <Filter>rapidjson</Filter>
    </ClInclude>
    <ClInclude Include="rapidjson\reader.h">
      <Filter>rapidjson</Filter>
    </ClInclude>
    <ClInclude Include="rapidjson\schema.h">
      <Filter>rapidjson</Filter>
    </ClInclude>
    <ClInclude Include="rapidjson\stream.h">
      <Filter>rapidjson</Filter>
    </ClInclude>
    <ClInclude Include="rapidjson\stringbuffer.h">
      <Filter>rapidjson</Filter>
    </ClInclude>
    <ClInclude Include="rapidjson\writer.h">
      <Filter>rapidjson</Filter>
    </ClInclude>
    <ClInclude Include="spdlog\async_logger.h">
      <Filter>spdlog</Filter>
    </ClInclude>
    <ClInclude Include="spdlog\common.h">
      <Filter>spdlog</Filter>
    </ClInclude>
    <ClInclude Include="spdlog\formatter.h">
      <Filter>spdlog</Filter>
    </ClInclude>
    <ClInclude Include="spdlog\logger.h">
      <Filter>spdlog</Filter>
    </ClInclude>
    <ClInclude Include="spdlog\spdlog.h">
      <Filter>spdlog</Filter>
    </ClInclude>
    <ClInclude Include="spdlog\tweakme.h">
      <Filter>spdlog</Filter>
    </ClInclude>
    <ClInclude Include="spdlog\sinks\android_sink.h">
      <Filter>spdlog\sinks</Filter>
    </ClInclude>
    <ClInclude Include="spdlog\sinks\ansicolor_sink.h">
      <Filter>spdlog\sinks</Filter>
    </ClInclude>
    <ClInclude Include="spdlog\sinks\base_sink.h">
      <Filter>spdlog\sinks</Filter>
    </ClInclude>
    <ClInclude Include="spdlog\sinks\dist_sink.h">
      <Filter>spdlog\sinks</Filter>
    </ClInclude>
    <ClInclude Include="spdlog\sinks\file_sinks.h">
      <Filter>spdlog\sinks</Filter>
    </ClInclude>
    <ClInclude Include="spdlog\sinks\msvc_sink.h">
      <Filter>spdlog\sinks</Filter>
    </ClInclude>
    <ClInclude Include="spdlog\sinks\null_sink.h">
      <Filter>spdlog\sinks</Filter>
    </ClInclude>
    <ClInclude Include="spdlog\sinks\ostream_sink.h">
      <Filter>spdlog\sinks</Filter>
    </ClInclude>
    <ClInclude Include="spdlog\sinks\sink.h">
      <Filter>spdlog\sinks</Filter>
    </ClInclude>
    <ClInclude Include="spdlog\sinks\stdout_sinks.h">
      <Filter>spdlog\sinks</Filter>
    </ClInclude>
    <ClInclude Include="spdlog\sinks\syslog_sink.h">
      <Filter>spdlog\sinks</Filter>
    </ClInclude>
    <ClInclude Include="spdlog\sinks\wincolor_sink.h">
      <Filter>spdlog\sinks</Filter>
    </ClInclude>
    <ClInclude Include="spdlog\sinks\windebug_sink.h">
      <Filter>spdlog\sinks</Filter>
    </ClInclude>
    <ClInclude Include="spdlog\details\async_log_helper.h">
      <Filter>spdlog\details</Filter>
    </ClInclude>
    <ClInclude Include="spdlog\details\async_logger_impl.h">
      <Filter>spdlog\details</Filter>
    </ClInclude>
    <ClInclude Include="spdlog\details\file_helper.h">
      <Filter>spdlog\details</Filter>
    </ClInclude>
    <ClInclude Include="spdlog\details\log_msg.h">
      <Filter>spdlog\details</Filter>
    </ClInclude>
    <ClInclude Include="spdlog\details\logger_impl.h">
      <Filter>spdlog\details</Filter>
    </ClInclude>
    <ClInclude Include="spdlog\details\mpmc_blocking_q.h">
      <Filter>spdlog\details</Filter>
    </ClInclude>
    <ClInclude Include="spdlog\details\null_mutex.h">
      <Filter>spdlog\details</Filter>
    </ClInclude>
    <ClInclude Include="spdlog\details\os.h">
      <Filter>spdlog\details</Filter>
    </ClInclude>
    <ClInclude Include="spdlog\details\pattern_formatter_impl.h">
      <Filter>spdlog\details</Filter>
    </ClInclude>
    <ClInclude Include="spdlog\details\registry.h">
      <Filter>spdlog\details</Filter>
    </ClInclude>
    <ClInclude Include="spdlog\details\spdlog_impl.h">
      <Filter>spdlog\details</Filter>
    </ClInclude>
    <ClInclude Include="spdlog\contrib\sinks\date_and_hour_file_sink.h">
      <Filter>spdlog\contrib</Filter>
    </ClInclude>
    <ClInclude Include="spdlog\contrib\sinks\step_file_sink.h">
      <Filter>spdlog\contrib</Filter>
    </ClInclude>
    <ClInclude Include="spdlog\fmt\fmt.h">
      <Filter>spdlog\fmt</Filter>
    </ClInclude>
    <ClInclude Include="spdlog\fmt\ostr.h">
      <Filter>spdlog\fmt</Filter>
    </ClInclude>
    <ClInclude Include="spdlog\fmt\bundled\format.h">
      <Filter>spdlog\fmt</Filter>
    </ClInclude>
    <ClInclude Include="spdlog\fmt\bundled\ostream.h">
      <Filter>spdlog\fmt</Filter>
    </ClInclude>
    <ClInclude Include="spdlog\fmt\bundled\posix.h">
      <Filter>spdlog\fmt</Filter>
    </ClInclude>
    <ClInclude Include="spdlog\fmt\bundled\printf.h">
      <Filter>spdlog\fmt</Filter>
    </ClInclude>
    <ClInclude Include="spdlog\fmt\bundled\time.h">
      <Filter>spdlog\fmt</Filter>
    </ClInclude>
  </ItemGroup>
  <ItemGroup>
    <Filter Include="sigar">
      <UniqueIdentifier>{3f990641-289d-4195-b112-3087447e7835}</UniqueIdentifier>
    </Filter>
    <Filter Include="rapidxml">
      <UniqueIdentifier>{fe3709d4-03ec-4fc5-90eb-5fc1d8897b33}</UniqueIdentifier>
    </Filter>
    <Filter Include="rapidjson">
      <UniqueIdentifier>{b640b416-aad9-4907-842b-79b149667e54}</UniqueIdentifier>
    </Filter>
    <Filter Include="spdlog">
      <UniqueIdentifier>{70e1caac-d488-4977-a182-93c54275c3ad}</UniqueIdentifier>
    </Filter>
    <Filter Include="spdlog\fmt">
      <UniqueIdentifier>{35d67a6e-9896-4082-adc6-416b2fcfc61e}</UniqueIdentifier>
    </Filter>
    <Filter Include="spdlog\contrib">
      <UniqueIdentifier>{3574f5de-a921-409b-a0cc-5d6e11c7ff8e}</UniqueIdentifier>
    </Filter>
    <Filter Include="spdlog\details">
      <UniqueIdentifier>{77a286dc-c169-4246-880e-d0567b99a238}</UniqueIdentifier>
    </Filter>
    <Filter Include="spdlog\sinks">
      <UniqueIdentifier>{2a1a4708-204f-490d-b8e5-1188ad656969}</UniqueIdentifier>
    </Filter>
  </ItemGroup>
  <ItemGroup>
    <ClCompile Include="sigar\win32\peb.c">
      <Filter>sigar</Filter>
    </ClCompile>
    <ClCompile Include="sigar\win32\sigar.c">
      <Filter>sigar</Filter>
    </ClCompile>
    <ClCompile Include="sigar\win32\sigar_cache.c">
      <Filter>sigar</Filter>
    </ClCompile>
    <ClCompile Include="sigar\win32\sigar_fileinfo.c">
      <Filter>sigar</Filter>
    </ClCompile>
    <ClCompile Include="sigar\win32\sigar_format.c">
      <Filter>sigar</Filter>
    </ClCompile>
    <ClCompile Include="sigar\win32\sigar_getline.c">
      <Filter>sigar</Filter>
    </ClCompile>
    <ClCompile Include="sigar\win32\sigar_ptql.c">
      <Filter>sigar</Filter>
    </ClCompile>
    <ClCompile Include="sigar\win32\sigar_signal.c">
      <Filter>sigar</Filter>
    </ClCompile>
    <ClCompile Include="sigar\win32\sigar_util.c">
      <Filter>sigar</Filter>
    </ClCompile>
    <ClCompile Include="sigar\win32\win32_sigar.c">
      <Filter>sigar</Filter>
    </ClCompile>
    <ClCompile Include="sigar\win32\wmi.cpp">
      <Filter>sigar</Filter>
    </ClCompile>
    <ClCompile Include="spdlog\fmt\bundled\format.cc">
      <Filter>spdlog\fmt</Filter>
    </ClCompile>
    <ClCompile Include="spdlog\fmt\bundled\ostream.cc">
      <Filter>spdlog\fmt</Filter>
    </ClCompile>
    <ClCompile Include="spdlog\fmt\bundled\posix.cc">
      <Filter>spdlog\fmt</Filter>
    </ClCompile>
    <ClCompile Include="spdlog\fmt\bundled\printf.cc">
      <Filter>spdlog\fmt</Filter>
    </ClCompile>
  </ItemGroup>
  <ItemGroup>
    <None Include="sigar\win32\sigar.rc.in">
      <Filter>sigar</Filter>
    </None>
    <None Include="sigar\win32\sigar_version.c.in">
      <Filter>sigar</Filter>
    </None>
  </ItemGroup>
</Project>