<?xml version="1.0" encoding="utf-8"?>
<Project ToolsVersion="4.0" xmlns="http://schemas.microsoft.com/developer/msbuild/2003">
  <ItemGroup>
    <ClInclude Include="NFProxyServerPlugin.h" />
    <ClInclude Include="NFProxyServerModule.h" />
    <ClInclude Include="NFProxyClient_GameModule.h" />
    <ClInclude Include="NFProxyClient_LoginModule.h" />
    <ClInclude Include="NFProxyClient_WorldModule.h" />
  </ItemGroup>
  <ItemGroup>
    <ClCompile Include="NFProxyServerPlugin.cpp" />
    <ClCompile Include="NFProxyServerModule.cpp" />
    <ClCompile Include="NFProxyClient_GameModule.cpp" />
    <ClCompile Include="NFProxyClient_LoginModule.cpp" />
    <ClCompile Include="NFProxyClient_WorldModule.cpp" />
  </ItemGroup>
</Project>