
Microsoft Visual Studio Solution File, Format Version 12.00
# Visual Studio 14
VisualStudioVersion = 14.0.24720.0
MinimumVisualStudioVersion = 10.0.40219.1
Project("{2150E333-8FDC-42A3-9474-1A3956D46DE8}") = "NFrame", "NFrame", "{A65AF30D-E33C-48FF-9021-CC3D958C6BCC}"
EndProject
Project("{2150E333-8FDC-42A3-9474-1A3956D46DE8}") = "NFTest", "NFTest", "{339414AE-55C9-4465-B9D5-D934221804E5}"
EndProject
Project("{2150E333-8FDC-42A3-9474-1A3956D46DE8}") = "NFPluginLoader", "NFPluginLoader", "{9725A5EF-67A4-4870-A953-37C247028B3E}"
EndProject
Project("{2150E333-8FDC-42A3-9474-1A3956D46DE8}") = "Dependencies", "Dependencies", "{EEC41D2A-C5CC-4C4F-A37D-615CBA15C932}"
EndProject
Project("{8BC9CEB8-8B4A-11D0-8D11-00A0C91BC942}") = "Theron", "Dependencies\Theron\Theron\Theron.vcxproj", "{8C0827D2-EFA0-427B-96B2-A92158E7812F}"
EndProject
Project("{8BC9CEB8-8B4A-11D0-8D11-00A0C91BC942}") = "NFPluginLoader", "StaticNFrame\NFPluginLoader\NFPluginLoader.vcxproj", "{B65A0FB2-E49B-4FE9-93F7-EAE6B8E51944}"
	ProjectSection(ProjectDependencies) = postProject
		{10497F0B-9925-4027-A487-F133BFECCE98} = {10497F0B-9925-4027-A487-F133BFECCE98}
		{8F2AA50E-1F15-41E8-9EB9-07C7D0BB757C} = {8F2AA50E-1F15-41E8-9EB9-07C7D0BB757C}
		{3ECFB52B-8663-4AA1-9789-A7F9411E51DA} = {3ECFB52B-8663-4AA1-9789-A7F9411E51DA}
		{45DEB734-4305-4450-81D9-4AA6E62A7217} = {45DEB734-4305-4450-81D9-4AA6E62A7217}
		{53582835-A8A3-4BC4-BD90-CCEBD8E05414} = {53582835-A8A3-4BC4-BD90-CCEBD8E05414}
		{2DAE6437-6594-5B8A-B969-BBF287043EE4} = {2DAE6437-6594-5B8A-B969-BBF287043EE4}
		{BD50F938-56D1-4E1A-9DE0-1AB12D9889FF} = {BD50F938-56D1-4E1A-9DE0-1AB12D9889FF}
		{DBF28939-C743-4C54-A0A5-EB719EEC1F1F} = {DBF28939-C743-4C54-A0A5-EB719EEC1F1F}
		{77F81D3A-7E0B-4D4D-AAAA-AB22E60B66BD} = {77F81D3A-7E0B-4D4D-AAAA-AB22E60B66BD}
		{03A9453A-D961-409D-A10D-ACB8B7A9F2AB} = {03A9453A-D961-409D-A10D-ACB8B7A9F2AB}
		{F095233B-8C5F-4CB7-8BFA-A273D76CD238} = {F095233B-8C5F-4CB7-8BFA-A273D76CD238}
		{5CEE5C46-2CA6-41AB-BCA9-2EB9DAF0B620} = {5CEE5C46-2CA6-41AB-BCA9-2EB9DAF0B620}
		{F67B2C56-D1B1-4EA7-B16E-EF8E7F1B6C5F} = {F67B2C56-D1B1-4EA7-B16E-EF8E7F1B6C5F}
		{47C3399C-0E56-4D1A-99DA-263C80A272F3} = {47C3399C-0E56-4D1A-99DA-263C80A272F3}
		{8C0827D2-EFA0-427B-96B2-A92158E7812F} = {8C0827D2-EFA0-427B-96B2-A92158E7812F}
		{5C1094D5-0812-48B9-945D-AC3976506145} = {5C1094D5-0812-48B9-945D-AC3976506145}
		{A0E5A2DB-87C7-46A4-A64A-A19A2A572FB4} = {A0E5A2DB-87C7-46A4-A64A-A19A2A572FB4}
		{3F2973E3-2835-4326-9D92-2FB300F5A6F0} = {3F2973E3-2835-4326-9D92-2FB300F5A6F0}
		{0D7E27F4-11C2-4F1D-8900-CC24297E4397} = {0D7E27F4-11C2-4F1D-8900-CC24297E4397}
		{E7BBF1FE-3F40-4F7D-9618-DCE1D808417E} = {E7BBF1FE-3F40-4F7D-9618-DCE1D808417E}
	EndProjectSection
EndProject
Project("{8BC9CEB8-8B4A-11D0-8D11-00A0C91BC942}") = "NFActorPlugin", "StaticNFrame\NFComm\NFActorPlugin\NFActorPlugin.vcxproj", "{DBF28939-C743-4C54-A0A5-EB719EEC1F1F}"
EndProject
Project("{8BC9CEB8-8B4A-11D0-8D11-00A0C91BC942}") = "NFCore", "StaticNFrame\NFComm\NFCore\NFCore.vcxproj", "{47C3399C-0E56-4D1A-99DA-263C80A272F3}"
EndProject
Project("{8BC9CEB8-8B4A-11D0-8D11-00A0C91BC942}") = "NFKernelPlugin", "StaticNFrame\NFComm\NFKernelPlugin\NFKernelPlugin.vcxproj", "{8F2AA50E-1F15-41E8-9EB9-07C7D0BB757C}"
EndProject
Project("{8BC9CEB8-8B4A-11D0-8D11-00A0C91BC942}") = "NFMath", "StaticNFrame\NFComm\NFMath\NFMath.vcxproj", "{F67B2C56-D1B1-4EA7-B16E-EF8E7F1B6C5F}"
EndProject
Project("{8BC9CEB8-8B4A-11D0-8D11-00A0C91BC942}") = "NFNetPlugin", "StaticNFrame\NFComm\NFNetPlugin\NFNetPlugin.vcxproj", "{77F81D3A-7E0B-4D4D-AAAA-AB22E60B66BD}"
EndProject
Project("{8BC9CEB8-8B4A-11D0-8D11-00A0C91BC942}") = "NFPluginModule", "StaticNFrame\NFComm\NFPluginModule\NFPluginModule.vcxproj", "{BD50F938-56D1-4E1A-9DE0-1AB12D9889FF}"
EndProject
Project("{8BC9CEB8-8B4A-11D0-8D11-00A0C91BC942}") = "NFTestPlugin", "StaticNFrame\NFTest\NFTestPlugin\NFTestPlugin.vcxproj", "{F095233B-8C5F-4CB7-8BFA-A273D76CD238}"
EndProject
Project("{2150E333-8FDC-42A3-9474-1A3956D46DE8}") = "NFComm", "NFComm", "{9D0BB1B4-FC93-4B3B-839F-9EC1797081EC}"
EndProject
Project("{2150E333-8FDC-42A3-9474-1A3956D46DE8}") = "NFMessageDefine", "NFMessageDefine", "{47D5DE4B-494B-4AF8-922A-128A95ED2436}"
EndProject
Project("{8BC9CEB8-8B4A-11D0-8D11-00A0C91BC942}") = "NFMessageDefine", "NFMessageDefine\NFMessageDefine.vcxproj", "{3F2973E3-2835-4326-9D92-2FB300F5A6F0}"
EndProject
Project("{8BC9CEB8-8B4A-11D0-8D11-00A0C91BC942}") = "common", "Dependencies\common\common.vcxproj", "{5CEE5C46-2CA6-41AB-BCA9-2EB9DAF0B620}"
EndProject
Project("{8BC9CEB8-8B4A-11D0-8D11-00A0C91BC942}") = "NFMysqlPlugin", "StaticNFrame\NFComm\NFMysqlPlugin\NFMysqlPlugin.vcxproj", "{03A9453A-D961-409D-A10D-ACB8B7A9F2AB}"
EndProject
Project("{8BC9CEB8-8B4A-11D0-8D11-00A0C91BC942}") = "mysqlpp", "Dependencies\mysqlpp\vc2015\mysql++_mysqlpp.vcxproj", "{2DAE6437-6594-5B8A-B969-BBF287043EE4}"
EndProject
Project("{2150E333-8FDC-42A3-9474-1A3956D46DE8}") = "NFServer", "NFServer", "{BC6429E6-22AA-4EDF-AE9C-17AD03C7B2A8}"
EndProject
Project("{2150E333-8FDC-42A3-9474-1A3956D46DE8}") = "NFProxyServer", "NFProxyServer", "{7B374AA5-A0AD-499B-B18C-58FCEEEE2A8F}"
EndProject
Project("{2150E333-8FDC-42A3-9474-1A3956D46DE8}") = "NFGameServer", "NFGameServer", "{604B74E1-20B1-4C08-A27C-A331C81A4225}"
EndProject
Project("{2150E333-8FDC-42A3-9474-1A3956D46DE8}") = "NFWorldServer", "NFWorldServer", "{A4AD5787-85F2-427A-A7D5-960FC36EDE44}"
EndProject
Project("{2150E333-8FDC-42A3-9474-1A3956D46DE8}") = "NFMasterServer", "NFMasterServer", "{E331CDDF-E791-435F-94D6-24851A505712}"
EndProject
Project("{2150E333-8FDC-42A3-9474-1A3956D46DE8}") = "NFServerCommon", "NFServerCommon", "{B7F16138-094F-4676-8D33-41C667F18A8A}"
EndProject
Project("{2150E333-8FDC-42A3-9474-1A3956D46DE8}") = "NFLoginServer", "NFLoginServer", "{23614F84-AB05-4496-BAB0-C4BD87FE09CD}"
EndProject
Project("{8BC9CEB8-8B4A-11D0-8D11-00A0C91BC942}") = "NFServerCommon", "NFServer\NFServerCommon\NFServerCommon.vcxproj", "{3ECFB52B-8663-4AA1-9789-A7F9411E51DA}"
EndProject
Project("{8BC9CEB8-8B4A-11D0-8D11-00A0C91BC942}") = "NFGameServerPlugin", "NFServer\NFGameServer\NFGameServerPlugin\NFGameServerPlugin.vcxproj", "{10497F0B-9925-4027-A487-F133BFECCE98}"
EndProject
Project("{8BC9CEB8-8B4A-11D0-8D11-00A0C91BC942}") = "NFGameClientPlugin", "NFServer\NFGameServer\NFGameClientPlugin\NFGameClientPlugin.vcxproj", "{A0E5A2DB-87C7-46A4-A64A-A19A2A572FB4}"
EndProject
Project("{8BC9CEB8-8B4A-11D0-8D11-00A0C91BC942}") = "NFGameLogicPlugin", "NFServer\NFGameServer\NFGameLogicPlugin\NFGameLogicPlugin.vcxproj", "{53582835-A8A3-4BC4-BD90-CCEBD8E05414}"
EndProject
Project("{8BC9CEB8-8B4A-11D0-8D11-00A0C91BC942}") = "NFProxyServerPlugin", "NFServer\NFProxyServer\NFProxyServerPlugin\NFProxyServerPlugin.vcxproj", "{45DEB734-4305-4450-81D9-4AA6E62A7217}"
EndProject
Project("{8BC9CEB8-8B4A-11D0-8D11-00A0C91BC942}") = "NFProxyClientPlugin", "NFServer\NFProxyServer\NFProxyClientPlugin\NFProxyClientPlugin.vcxproj", "{5C1094D5-0812-48B9-945D-AC3976506145}"
EndProject
Project("{8BC9CEB8-8B4A-11D0-8D11-00A0C91BC942}") = "NFLuaScriptPlugin", "StaticNFrame\NFComm\NFXPlugin\NFLuaScriptPlugin\NFLuaScriptPlugin.vcxproj", "{0D7E27F4-11C2-4F1D-8900-CC24297E4397}"
EndProject
Project("{8BC9CEB8-8B4A-11D0-8D11-00A0C91BC942}") = "luaBind", "Dependencies\LuaBind\HLBind.vcxproj", "{E7BBF1FE-3F40-4F7D-9618-DCE1D808417E}"
EndProject
Project("{8BC9CEB8-8B4A-11D0-8D11-00A0C91BC942}") = "NFMongoPlugin", "StaticNFrame\NFComm\NFMongoPlugin\NFMongoPlugin.vcxproj", "{6515021A-C2A9-4095-BEF3-E8D4A2989DFB}"
EndProject
Project("{8BC9CEB8-8B4A-11D0-8D11-00A0C91BC942}") = "protobuf", "Dependencies\protobuf\protobuf.vcxproj", "{B96AE568-C529-4CA7-9467-D5DF4AE7C165}"
EndProject
Project("{8BC9CEB8-8B4A-11D0-8D11-00A0C91BC942}") = "NFMasterServerPlugin", "NFServer\NFMasterServer\NFMasterServerPlugin\NFMasterServerPlugin.vcxproj", "{D490A4D5-1347-495C-9D73-67D0A750CF2D}"
EndProject
Project("{8BC9CEB8-8B4A-11D0-8D11-00A0C91BC942}") = "NFLoginServerPlugin", "NFServer\NFLoginServer\NFLoginServerPlugin\NFLoginServerPlugin.vcxproj", "{BEDDAA0B-9846-431A-9397-1F88102CE305}"
EndProject
Project("{8BC9CEB8-8B4A-11D0-8D11-00A0C91BC942}") = "NFWorldServerPlugin", "NFServer\NFWorldServer\NFWorldServerPlugin\NFWorldServerPlugin.vcxproj", "{A4A513F8-5AF0-4464-B9E0-ACB5A0D5AFBD}"
EndProject
Global
	GlobalSection(SolutionConfigurationPlatforms) = preSolution
		Debug|x64 = Debug|x64
		Debug|x86 = Debug|x86
		Release|x64 = Release|x64
		Release|x86 = Release|x86
	EndGlobalSection
	GlobalSection(ProjectConfigurationPlatforms) = postSolution
		{8C0827D2-EFA0-427B-96B2-A92158E7812F}.Debug|x64.ActiveCfg = Debug|x64
		{8C0827D2-EFA0-427B-96B2-A92158E7812F}.Debug|x64.Build.0 = Debug|x64
		{8C0827D2-EFA0-427B-96B2-A92158E7812F}.Debug|x86.ActiveCfg = Debug|Win32
		{8C0827D2-EFA0-427B-96B2-A92158E7812F}.Debug|x86.Build.0 = Debug|Win32
		{8C0827D2-EFA0-427B-96B2-A92158E7812F}.Release|x64.ActiveCfg = Release|x64
		{8C0827D2-EFA0-427B-96B2-A92158E7812F}.Release|x64.Build.0 = Release|x64
		{8C0827D2-EFA0-427B-96B2-A92158E7812F}.Release|x86.ActiveCfg = Release|Win32
		{8C0827D2-EFA0-427B-96B2-A92158E7812F}.Release|x86.Build.0 = Release|Win32
		{B65A0FB2-E49B-4FE9-93F7-EAE6B8E51944}.Debug|x64.ActiveCfg = Debug|x64
		{B65A0FB2-E49B-4FE9-93F7-EAE6B8E51944}.Debug|x64.Build.0 = Debug|x64
		{B65A0FB2-E49B-4FE9-93F7-EAE6B8E51944}.Debug|x86.ActiveCfg = Debug|Win32
		{B65A0FB2-E49B-4FE9-93F7-EAE6B8E51944}.Debug|x86.Build.0 = Debug|Win32
		{B65A0FB2-E49B-4FE9-93F7-EAE6B8E51944}.Release|x64.ActiveCfg = Release|x64
		{B65A0FB2-E49B-4FE9-93F7-EAE6B8E51944}.Release|x64.Build.0 = Release|x64
		{B65A0FB2-E49B-4FE9-93F7-EAE6B8E51944}.Release|x86.ActiveCfg = Release|Win32
		{B65A0FB2-E49B-4FE9-93F7-EAE6B8E51944}.Release|x86.Build.0 = Release|Win32
		{DBF28939-C743-4C54-A0A5-EB719EEC1F1F}.Debug|x64.ActiveCfg = Debug|x64
		{DBF28939-C743-4C54-A0A5-EB719EEC1F1F}.Debug|x64.Build.0 = Debug|x64
		{DBF28939-C743-4C54-A0A5-EB719EEC1F1F}.Debug|x86.ActiveCfg = Debug|Win32
		{DBF28939-C743-4C54-A0A5-EB719EEC1F1F}.Debug|x86.Build.0 = Debug|Win32
		{DBF28939-C743-4C54-A0A5-EB719EEC1F1F}.Release|x64.ActiveCfg = Release|x64
		{DBF28939-C743-4C54-A0A5-EB719EEC1F1F}.Release|x64.Build.0 = Release|x64
		{DBF28939-C743-4C54-A0A5-EB719EEC1F1F}.Release|x86.ActiveCfg = Release|Win32
		{DBF28939-C743-4C54-A0A5-EB719EEC1F1F}.Release|x86.Build.0 = Release|Win32
		{47C3399C-0E56-4D1A-99DA-263C80A272F3}.Debug|x64.ActiveCfg = Debug|x64
		{47C3399C-0E56-4D1A-99DA-263C80A272F3}.Debug|x64.Build.0 = Debug|x64
		{47C3399C-0E56-4D1A-99DA-263C80A272F3}.Debug|x86.ActiveCfg = Debug|Win32
		{47C3399C-0E56-4D1A-99DA-263C80A272F3}.Debug|x86.Build.0 = Debug|Win32
		{47C3399C-0E56-4D1A-99DA-263C80A272F3}.Release|x64.ActiveCfg = Release|x64
		{47C3399C-0E56-4D1A-99DA-263C80A272F3}.Release|x64.Build.0 = Release|x64
		{47C3399C-0E56-4D1A-99DA-263C80A272F3}.Release|x86.ActiveCfg = Release|Win32
		{47C3399C-0E56-4D1A-99DA-263C80A272F3}.Release|x86.Build.0 = Release|Win32
		{8F2AA50E-1F15-41E8-9EB9-07C7D0BB757C}.Debug|x64.ActiveCfg = Debug|x64
		{8F2AA50E-1F15-41E8-9EB9-07C7D0BB757C}.Debug|x64.Build.0 = Debug|x64
		{8F2AA50E-1F15-41E8-9EB9-07C7D0BB757C}.Debug|x86.ActiveCfg = Debug|Win32
		{8F2AA50E-1F15-41E8-9EB9-07C7D0BB757C}.Debug|x86.Build.0 = Debug|Win32
		{8F2AA50E-1F15-41E8-9EB9-07C7D0BB757C}.Release|x64.ActiveCfg = Release|x64
		{8F2AA50E-1F15-41E8-9EB9-07C7D0BB757C}.Release|x64.Build.0 = Release|x64
		{8F2AA50E-1F15-41E8-9EB9-07C7D0BB757C}.Release|x86.ActiveCfg = Release|Win32
		{8F2AA50E-1F15-41E8-9EB9-07C7D0BB757C}.Release|x86.Build.0 = Release|Win32
		{F67B2C56-D1B1-4EA7-B16E-EF8E7F1B6C5F}.Debug|x64.ActiveCfg = Debug|x64
		{F67B2C56-D1B1-4EA7-B16E-EF8E7F1B6C5F}.Debug|x64.Build.0 = Debug|x64
		{F67B2C56-D1B1-4EA7-B16E-EF8E7F1B6C5F}.Debug|x86.ActiveCfg = Debug|Win32
		{F67B2C56-D1B1-4EA7-B16E-EF8E7F1B6C5F}.Debug|x86.Build.0 = Debug|Win32
		{F67B2C56-D1B1-4EA7-B16E-EF8E7F1B6C5F}.Release|x64.ActiveCfg = Release|x64
		{F67B2C56-D1B1-4EA7-B16E-EF8E7F1B6C5F}.Release|x64.Build.0 = Release|x64
		{F67B2C56-D1B1-4EA7-B16E-EF8E7F1B6C5F}.Release|x86.ActiveCfg = Release|Win32
		{F67B2C56-D1B1-4EA7-B16E-EF8E7F1B6C5F}.Release|x86.Build.0 = Release|Win32
		{77F81D3A-7E0B-4D4D-AAAA-AB22E60B66BD}.Debug|x64.ActiveCfg = Debug|x64
		{77F81D3A-7E0B-4D4D-AAAA-AB22E60B66BD}.Debug|x64.Build.0 = Debug|x64
		{77F81D3A-7E0B-4D4D-AAAA-AB22E60B66BD}.Debug|x86.ActiveCfg = Debug|Win32
		{77F81D3A-7E0B-4D4D-AAAA-AB22E60B66BD}.Debug|x86.Build.0 = Debug|Win32
		{77F81D3A-7E0B-4D4D-AAAA-AB22E60B66BD}.Release|x64.ActiveCfg = Release|x64
		{77F81D3A-7E0B-4D4D-AAAA-AB22E60B66BD}.Release|x64.Build.0 = Release|x64
		{77F81D3A-7E0B-4D4D-AAAA-AB22E60B66BD}.Release|x86.ActiveCfg = Release|Win32
		{77F81D3A-7E0B-4D4D-AAAA-AB22E60B66BD}.Release|x86.Build.0 = Release|Win32
		{BD50F938-56D1-4E1A-9DE0-1AB12D9889FF}.Debug|x64.ActiveCfg = Debug|x64
		{BD50F938-56D1-4E1A-9DE0-1AB12D9889FF}.Debug|x64.Build.0 = Debug|x64
		{BD50F938-56D1-4E1A-9DE0-1AB12D9889FF}.Debug|x86.ActiveCfg = Debug|Win32
		{BD50F938-56D1-4E1A-9DE0-1AB12D9889FF}.Debug|x86.Build.0 = Debug|Win32
		{BD50F938-56D1-4E1A-9DE0-1AB12D9889FF}.Release|x64.ActiveCfg = Release|x64
		{BD50F938-56D1-4E1A-9DE0-1AB12D9889FF}.Release|x64.Build.0 = Release|x64
		{BD50F938-56D1-4E1A-9DE0-1AB12D9889FF}.Release|x86.ActiveCfg = Release|Win32
		{BD50F938-56D1-4E1A-9DE0-1AB12D9889FF}.Release|x86.Build.0 = Release|Win32
		{F095233B-8C5F-4CB7-8BFA-A273D76CD238}.Debug|x64.ActiveCfg = Debug|x64
		{F095233B-8C5F-4CB7-8BFA-A273D76CD238}.Debug|x64.Build.0 = Debug|x64
		{F095233B-8C5F-4CB7-8BFA-A273D76CD238}.Debug|x86.ActiveCfg = Debug|Win32
		{F095233B-8C5F-4CB7-8BFA-A273D76CD238}.Debug|x86.Build.0 = Debug|Win32
		{F095233B-8C5F-4CB7-8BFA-A273D76CD238}.Release|x64.ActiveCfg = Release|x64
		{F095233B-8C5F-4CB7-8BFA-A273D76CD238}.Release|x64.Build.0 = Release|x64
		{F095233B-8C5F-4CB7-8BFA-A273D76CD238}.Release|x86.ActiveCfg = Release|Win32
		{F095233B-8C5F-4CB7-8BFA-A273D76CD238}.Release|x86.Build.0 = Release|Win32
		{3F2973E3-2835-4326-9D92-2FB300F5A6F0}.Debug|x64.ActiveCfg = Debug|x64
		{3F2973E3-2835-4326-9D92-2FB300F5A6F0}.Debug|x64.Build.0 = Debug|x64
		{3F2973E3-2835-4326-9D92-2FB300F5A6F0}.Debug|x86.ActiveCfg = Debug|Win32
		{3F2973E3-2835-4326-9D92-2FB300F5A6F0}.Debug|x86.Build.0 = Debug|Win32
		{3F2973E3-2835-4326-9D92-2FB300F5A6F0}.Release|x64.ActiveCfg = Release|x64
		{3F2973E3-2835-4326-9D92-2FB300F5A6F0}.Release|x64.Build.0 = Release|x64
		{3F2973E3-2835-4326-9D92-2FB300F5A6F0}.Release|x86.ActiveCfg = Release|Win32
		{3F2973E3-2835-4326-9D92-2FB300F5A6F0}.Release|x86.Build.0 = Release|Win32
		{5CEE5C46-2CA6-41AB-BCA9-2EB9DAF0B620}.Debug|x64.ActiveCfg = Debug|x64
		{5CEE5C46-2CA6-41AB-BCA9-2EB9DAF0B620}.Debug|x64.Build.0 = Debug|x64
		{5CEE5C46-2CA6-41AB-BCA9-2EB9DAF0B620}.Debug|x86.ActiveCfg = Debug|Win32
		{5CEE5C46-2CA6-41AB-BCA9-2EB9DAF0B620}.Debug|x86.Build.0 = Debug|Win32
		{5CEE5C46-2CA6-41AB-BCA9-2EB9DAF0B620}.Release|x64.ActiveCfg = Release|x64
		{5CEE5C46-2CA6-41AB-BCA9-2EB9DAF0B620}.Release|x64.Build.0 = Release|x64
		{5CEE5C46-2CA6-41AB-BCA9-2EB9DAF0B620}.Release|x86.ActiveCfg = Release|Win32
		{5CEE5C46-2CA6-41AB-BCA9-2EB9DAF0B620}.Release|x86.Build.0 = Release|Win32
		{03A9453A-D961-409D-A10D-ACB8B7A9F2AB}.Debug|x64.ActiveCfg = Debug|x64
		{03A9453A-D961-409D-A10D-ACB8B7A9F2AB}.Debug|x64.Build.0 = Debug|x64
		{03A9453A-D961-409D-A10D-ACB8B7A9F2AB}.Debug|x86.ActiveCfg = Debug|Win32
		{03A9453A-D961-409D-A10D-ACB8B7A9F2AB}.Debug|x86.Build.0 = Debug|Win32
		{03A9453A-D961-409D-A10D-ACB8B7A9F2AB}.Release|x64.ActiveCfg = Release|x64
		{03A9453A-D961-409D-A10D-ACB8B7A9F2AB}.Release|x64.Build.0 = Release|x64
		{03A9453A-D961-409D-A10D-ACB8B7A9F2AB}.Release|x86.ActiveCfg = Release|Win32
		{03A9453A-D961-409D-A10D-ACB8B7A9F2AB}.Release|x86.Build.0 = Release|Win32
		{2DAE6437-6594-5B8A-B969-BBF287043EE4}.Debug|x64.ActiveCfg = Debug|x64
		{2DAE6437-6594-5B8A-B969-BBF287043EE4}.Debug|x64.Build.0 = Debug|x64
		{2DAE6437-6594-5B8A-B969-BBF287043EE4}.Debug|x86.ActiveCfg = Debug|Win32
		{2DAE6437-6594-5B8A-B969-BBF287043EE4}.Debug|x86.Build.0 = Debug|Win32
		{2DAE6437-6594-5B8A-B969-BBF287043EE4}.Release|x64.ActiveCfg = Release|x64
		{2DAE6437-6594-5B8A-B969-BBF287043EE4}.Release|x64.Build.0 = Release|x64
		{2DAE6437-6594-5B8A-B969-BBF287043EE4}.Release|x86.ActiveCfg = Release|Win32
		{2DAE6437-6594-5B8A-B969-BBF287043EE4}.Release|x86.Build.0 = Release|Win32
		{3ECFB52B-8663-4AA1-9789-A7F9411E51DA}.Debug|x64.ActiveCfg = Debug|x64
		{3ECFB52B-8663-4AA1-9789-A7F9411E51DA}.Debug|x64.Build.0 = Debug|x64
		{3ECFB52B-8663-4AA1-9789-A7F9411E51DA}.Debug|x86.ActiveCfg = Debug|Win32
		{3ECFB52B-8663-4AA1-9789-A7F9411E51DA}.Debug|x86.Build.0 = Debug|Win32
		{3ECFB52B-8663-4AA1-9789-A7F9411E51DA}.Release|x64.ActiveCfg = Release|x64
		{3ECFB52B-8663-4AA1-9789-A7F9411E51DA}.Release|x64.Build.0 = Release|x64
		{3ECFB52B-8663-4AA1-9789-A7F9411E51DA}.Release|x86.ActiveCfg = Release|Win32
		{3ECFB52B-8663-4AA1-9789-A7F9411E51DA}.Release|x86.Build.0 = Release|Win32
		{10497F0B-9925-4027-A487-F133BFECCE98}.Debug|x64.ActiveCfg = Debug|x64
		{10497F0B-9925-4027-A487-F133BFECCE98}.Debug|x64.Build.0 = Debug|x64
		{10497F0B-9925-4027-A487-F133BFECCE98}.Debug|x86.ActiveCfg = Debug|Win32
		{10497F0B-9925-4027-A487-F133BFECCE98}.Debug|x86.Build.0 = Debug|Win32
		{10497F0B-9925-4027-A487-F133BFECCE98}.Release|x64.ActiveCfg = Release|x64
		{10497F0B-9925-4027-A487-F133BFECCE98}.Release|x64.Build.0 = Release|x64
		{10497F0B-9925-4027-A487-F133BFECCE98}.Release|x86.ActiveCfg = Release|Win32
		{10497F0B-9925-4027-A487-F133BFECCE98}.Release|x86.Build.0 = Release|Win32
		{A0E5A2DB-87C7-46A4-A64A-A19A2A572FB4}.Debug|x64.ActiveCfg = Debug|x64
		{A0E5A2DB-87C7-46A4-A64A-A19A2A572FB4}.Debug|x64.Build.0 = Debug|x64
		{A0E5A2DB-87C7-46A4-A64A-A19A2A572FB4}.Debug|x86.ActiveCfg = Debug|Win32
		{A0E5A2DB-87C7-46A4-A64A-A19A2A572FB4}.Debug|x86.Build.0 = Debug|Win32
		{A0E5A2DB-87C7-46A4-A64A-A19A2A572FB4}.Release|x64.ActiveCfg = Release|x64
		{A0E5A2DB-87C7-46A4-A64A-A19A2A572FB4}.Release|x64.Build.0 = Release|x64
		{A0E5A2DB-87C7-46A4-A64A-A19A2A572FB4}.Release|x86.ActiveCfg = Release|Win32
		{A0E5A2DB-87C7-46A4-A64A-A19A2A572FB4}.Release|x86.Build.0 = Release|Win32
		{53582835-A8A3-4BC4-BD90-CCEBD8E05414}.Debug|x64.ActiveCfg = Debug|x64
		{53582835-A8A3-4BC4-BD90-CCEBD8E05414}.Debug|x64.Build.0 = Debug|x64
		{53582835-A8A3-4BC4-BD90-CCEBD8E05414}.Debug|x86.ActiveCfg = Debug|Win32
		{53582835-A8A3-4BC4-BD90-CCEBD8E05414}.Debug|x86.Build.0 = Debug|Win32
		{53582835-A8A3-4BC4-BD90-CCEBD8E05414}.Release|x64.ActiveCfg = Release|x64
		{53582835-A8A3-4BC4-BD90-CCEBD8E05414}.Release|x64.Build.0 = Release|x64
		{53582835-A8A3-4BC4-BD90-CCEBD8E05414}.Release|x86.ActiveCfg = Release|Win32
		{53582835-A8A3-4BC4-BD90-CCEBD8E05414}.Release|x86.Build.0 = Release|Win32
		{45DEB734-4305-4450-81D9-4AA6E62A7217}.Debug|x64.ActiveCfg = Debug|x64
		{45DEB734-4305-4450-81D9-4AA6E62A7217}.Debug|x64.Build.0 = Debug|x64
		{45DEB734-4305-4450-81D9-4AA6E62A7217}.Debug|x86.ActiveCfg = Debug|Win32
		{45DEB734-4305-4450-81D9-4AA6E62A7217}.Debug|x86.Build.0 = Debug|Win32
		{45DEB734-4305-4450-81D9-4AA6E62A7217}.Release|x64.ActiveCfg = Release|x64
		{45DEB734-4305-4450-81D9-4AA6E62A7217}.Release|x64.Build.0 = Release|x64
		{45DEB734-4305-4450-81D9-4AA6E62A7217}.Release|x86.ActiveCfg = Release|Win32
		{45DEB734-4305-4450-81D9-4AA6E62A7217}.Release|x86.Build.0 = Release|Win32
		{5C1094D5-0812-48B9-945D-AC3976506145}.Debug|x64.ActiveCfg = Debug|x64
		{5C1094D5-0812-48B9-945D-AC3976506145}.Debug|x64.Build.0 = Debug|x64
		{5C1094D5-0812-48B9-945D-AC3976506145}.Debug|x86.ActiveCfg = Debug|Win32
		{5C1094D5-0812-48B9-945D-AC3976506145}.Debug|x86.Build.0 = Debug|Win32
		{5C1094D5-0812-48B9-945D-AC3976506145}.Release|x64.ActiveCfg = Release|x64
		{5C1094D5-0812-48B9-945D-AC3976506145}.Release|x64.Build.0 = Release|x64
		{5C1094D5-0812-48B9-945D-AC3976506145}.Release|x86.ActiveCfg = Release|Win32
		{5C1094D5-0812-48B9-945D-AC3976506145}.Release|x86.Build.0 = Release|Win32
		{0D7E27F4-11C2-4F1D-8900-CC24297E4397}.Debug|x64.ActiveCfg = Debug|x64
		{0D7E27F4-11C2-4F1D-8900-CC24297E4397}.Debug|x64.Build.0 = Debug|x64
		{0D7E27F4-11C2-4F1D-8900-CC24297E4397}.Debug|x86.ActiveCfg = Debug|Win32
		{0D7E27F4-11C2-4F1D-8900-CC24297E4397}.Debug|x86.Build.0 = Debug|Win32
		{0D7E27F4-11C2-4F1D-8900-CC24297E4397}.Release|x64.ActiveCfg = Release|x64
		{0D7E27F4-11C2-4F1D-8900-CC24297E4397}.Release|x64.Build.0 = Release|x64
		{0D7E27F4-11C2-4F1D-8900-CC24297E4397}.Release|x86.ActiveCfg = Release|Win32
		{0D7E27F4-11C2-4F1D-8900-CC24297E4397}.Release|x86.Build.0 = Release|Win32
		{E7BBF1FE-3F40-4F7D-9618-DCE1D808417E}.Debug|x64.ActiveCfg = Debug|x64
		{E7BBF1FE-3F40-4F7D-9618-DCE1D808417E}.Debug|x64.Build.0 = Debug|x64
		{E7BBF1FE-3F40-4F7D-9618-DCE1D808417E}.Debug|x86.ActiveCfg = Debug|Win32
		{E7BBF1FE-3F40-4F7D-9618-DCE1D808417E}.Debug|x86.Build.0 = Debug|Win32
		{E7BBF1FE-3F40-4F7D-9618-DCE1D808417E}.Release|x64.ActiveCfg = Release|x64
		{E7BBF1FE-3F40-4F7D-9618-DCE1D808417E}.Release|x64.Build.0 = Release|x64
		{E7BBF1FE-3F40-4F7D-9618-DCE1D808417E}.Release|x86.ActiveCfg = Release|Win32
		{E7BBF1FE-3F40-4F7D-9618-DCE1D808417E}.Release|x86.Build.0 = Release|Win32
		{6515021A-C2A9-4095-BEF3-E8D4A2989DFB}.Debug|x64.ActiveCfg = Debug|x64
		{6515021A-C2A9-4095-BEF3-E8D4A2989DFB}.Debug|x64.Build.0 = Debug|x64
		{6515021A-C2A9-4095-BEF3-E8D4A2989DFB}.Debug|x86.ActiveCfg = Debug|Win32
		{6515021A-C2A9-4095-BEF3-E8D4A2989DFB}.Debug|x86.Build.0 = Debug|Win32
		{6515021A-C2A9-4095-BEF3-E8D4A2989DFB}.Release|x64.ActiveCfg = Release|x64
		{6515021A-C2A9-4095-BEF3-E8D4A2989DFB}.Release|x64.Build.0 = Release|x64
		{6515021A-C2A9-4095-BEF3-E8D4A2989DFB}.Release|x86.ActiveCfg = Release|Win32
		{6515021A-C2A9-4095-BEF3-E8D4A2989DFB}.Release|x86.Build.0 = Release|Win32
		{B96AE568-C529-4CA7-9467-D5DF4AE7C165}.Debug|x64.ActiveCfg = Debug|x64
		{B96AE568-C529-4CA7-9467-D5DF4AE7C165}.Debug|x64.Build.0 = Debug|x64
		{B96AE568-C529-4CA7-9467-D5DF4AE7C165}.Debug|x86.ActiveCfg = Debug|Win32
		{B96AE568-C529-4CA7-9467-D5DF4AE7C165}.Debug|x86.Build.0 = Debug|Win32
		{B96AE568-C529-4CA7-9467-D5DF4AE7C165}.Release|x64.ActiveCfg = Release|x64
		{B96AE568-C529-4CA7-9467-D5DF4AE7C165}.Release|x64.Build.0 = Release|x64
		{B96AE568-C529-4CA7-9467-D5DF4AE7C165}.Release|x86.ActiveCfg = Release|Win32
		{B96AE568-C529-4CA7-9467-D5DF4AE7C165}.Release|x86.Build.0 = Release|Win32
		{D490A4D5-1347-495C-9D73-67D0A750CF2D}.Debug|x64.ActiveCfg = Debug|x64
		{D490A4D5-1347-495C-9D73-67D0A750CF2D}.Debug|x64.Build.0 = Debug|x64
		{D490A4D5-1347-495C-9D73-67D0A750CF2D}.Debug|x86.ActiveCfg = Debug|Win32
		{D490A4D5-1347-495C-9D73-67D0A750CF2D}.Debug|x86.Build.0 = Debug|Win32
		{D490A4D5-1347-495C-9D73-67D0A750CF2D}.Release|x64.ActiveCfg = Release|x64
		{D490A4D5-1347-495C-9D73-67D0A750CF2D}.Release|x64.Build.0 = Release|x64
		{D490A4D5-1347-495C-9D73-67D0A750CF2D}.Release|x86.ActiveCfg = Release|Win32
		{D490A4D5-1347-495C-9D73-67D0A750CF2D}.Release|x86.Build.0 = Release|Win32
		{BEDDAA0B-9846-431A-9397-1F88102CE305}.Debug|x64.ActiveCfg = Debug|x64
		{BEDDAA0B-9846-431A-9397-1F88102CE305}.Debug|x64.Build.0 = Debug|x64
		{BEDDAA0B-9846-431A-9397-1F88102CE305}.Debug|x86.ActiveCfg = Debug|Win32
		{BEDDAA0B-9846-431A-9397-1F88102CE305}.Debug|x86.Build.0 = Debug|Win32
		{BEDDAA0B-9846-431A-9397-1F88102CE305}.Release|x64.ActiveCfg = Release|x64
		{BEDDAA0B-9846-431A-9397-1F88102CE305}.Release|x64.Build.0 = Release|x64
		{BEDDAA0B-9846-431A-9397-1F88102CE305}.Release|x86.ActiveCfg = Release|Win32
		{BEDDAA0B-9846-431A-9397-1F88102CE305}.Release|x86.Build.0 = Release|Win32
		{A4A513F8-5AF0-4464-B9E0-ACB5A0D5AFBD}.Debug|x64.ActiveCfg = Debug|x64
		{A4A513F8-5AF0-4464-B9E0-ACB5A0D5AFBD}.Debug|x64.Build.0 = Debug|x64
		{A4A513F8-5AF0-4464-B9E0-ACB5A0D5AFBD}.Debug|x86.ActiveCfg = Debug|Win32
		{A4A513F8-5AF0-4464-B9E0-ACB5A0D5AFBD}.Debug|x86.Build.0 = Debug|Win32
		{A4A513F8-5AF0-4464-B9E0-ACB5A0D5AFBD}.Release|x64.ActiveCfg = Release|x64
		{A4A513F8-5AF0-4464-B9E0-ACB5A0D5AFBD}.Release|x64.Build.0 = Release|x64
		{A4A513F8-5AF0-4464-B9E0-ACB5A0D5AFBD}.Release|x86.ActiveCfg = Release|Win32
		{A4A513F8-5AF0-4464-B9E0-ACB5A0D5AFBD}.Release|x86.Build.0 = Release|Win32
	EndGlobalSection
	GlobalSection(SolutionProperties) = preSolution
		HideSolutionNode = FALSE
	EndGlobalSection
	GlobalSection(NestedProjects) = preSolution
		{339414AE-55C9-4465-B9D5-D934221804E5} = {A65AF30D-E33C-48FF-9021-CC3D958C6BCC}
		{9725A5EF-67A4-4870-A953-37C247028B3E} = {A65AF30D-E33C-48FF-9021-CC3D958C6BCC}
		{8C0827D2-EFA0-427B-96B2-A92158E7812F} = {EEC41D2A-C5CC-4C4F-A37D-615CBA15C932}
		{B65A0FB2-E49B-4FE9-93F7-EAE6B8E51944} = {9725A5EF-67A4-4870-A953-37C247028B3E}
		{DBF28939-C743-4C54-A0A5-EB719EEC1F1F} = {9D0BB1B4-FC93-4B3B-839F-9EC1797081EC}
		{47C3399C-0E56-4D1A-99DA-263C80A272F3} = {9D0BB1B4-FC93-4B3B-839F-9EC1797081EC}
		{8F2AA50E-1F15-41E8-9EB9-07C7D0BB757C} = {9D0BB1B4-FC93-4B3B-839F-9EC1797081EC}
		{F67B2C56-D1B1-4EA7-B16E-EF8E7F1B6C5F} = {9D0BB1B4-FC93-4B3B-839F-9EC1797081EC}
		{77F81D3A-7E0B-4D4D-AAAA-AB22E60B66BD} = {9D0BB1B4-FC93-4B3B-839F-9EC1797081EC}
		{BD50F938-56D1-4E1A-9DE0-1AB12D9889FF} = {9D0BB1B4-FC93-4B3B-839F-9EC1797081EC}
		{F095233B-8C5F-4CB7-8BFA-A273D76CD238} = {339414AE-55C9-4465-B9D5-D934221804E5}
		{9D0BB1B4-FC93-4B3B-839F-9EC1797081EC} = {A65AF30D-E33C-48FF-9021-CC3D958C6BCC}
		{3F2973E3-2835-4326-9D92-2FB300F5A6F0} = {47D5DE4B-494B-4AF8-922A-128A95ED2436}
		{5CEE5C46-2CA6-41AB-BCA9-2EB9DAF0B620} = {EEC41D2A-C5CC-4C4F-A37D-615CBA15C932}
		{03A9453A-D961-409D-A10D-ACB8B7A9F2AB} = {9D0BB1B4-FC93-4B3B-839F-9EC1797081EC}
		{2DAE6437-6594-5B8A-B969-BBF287043EE4} = {EEC41D2A-C5CC-4C4F-A37D-615CBA15C932}
		{7B374AA5-A0AD-499B-B18C-58FCEEEE2A8F} = {BC6429E6-22AA-4EDF-AE9C-17AD03C7B2A8}
		{604B74E1-20B1-4C08-A27C-A331C81A4225} = {BC6429E6-22AA-4EDF-AE9C-17AD03C7B2A8}
		{A4AD5787-85F2-427A-A7D5-960FC36EDE44} = {BC6429E6-22AA-4EDF-AE9C-17AD03C7B2A8}
		{E331CDDF-E791-435F-94D6-24851A505712} = {BC6429E6-22AA-4EDF-AE9C-17AD03C7B2A8}
		{B7F16138-094F-4676-8D33-41C667F18A8A} = {BC6429E6-22AA-4EDF-AE9C-17AD03C7B2A8}
		{23614F84-AB05-4496-BAB0-C4BD87FE09CD} = {BC6429E6-22AA-4EDF-AE9C-17AD03C7B2A8}
		{3ECFB52B-8663-4AA1-9789-A7F9411E51DA} = {B7F16138-094F-4676-8D33-41C667F18A8A}
		{10497F0B-9925-4027-A487-F133BFECCE98} = {604B74E1-20B1-4C08-A27C-A331C81A4225}
		{A0E5A2DB-87C7-46A4-A64A-A19A2A572FB4} = {604B74E1-20B1-4C08-A27C-A331C81A4225}
		{53582835-A8A3-4BC4-BD90-CCEBD8E05414} = {604B74E1-20B1-4C08-A27C-A331C81A4225}
		{45DEB734-4305-4450-81D9-4AA6E62A7217} = {7B374AA5-A0AD-499B-B18C-58FCEEEE2A8F}
		{5C1094D5-0812-48B9-945D-AC3976506145} = {7B374AA5-A0AD-499B-B18C-58FCEEEE2A8F}
		{0D7E27F4-11C2-4F1D-8900-CC24297E4397} = {9D0BB1B4-FC93-4B3B-839F-9EC1797081EC}
		{E7BBF1FE-3F40-4F7D-9618-DCE1D808417E} = {EEC41D2A-C5CC-4C4F-A37D-615CBA15C932}
		{6515021A-C2A9-4095-BEF3-E8D4A2989DFB} = {9D0BB1B4-FC93-4B3B-839F-9EC1797081EC}
		{B96AE568-C529-4CA7-9467-D5DF4AE7C165} = {EEC41D2A-C5CC-4C4F-A37D-615CBA15C932}
		{D490A4D5-1347-495C-9D73-67D0A750CF2D} = {E331CDDF-E791-435F-94D6-24851A505712}
		{BEDDAA0B-9846-431A-9397-1F88102CE305} = {23614F84-AB05-4496-BAB0-C4BD87FE09CD}
		{A4A513F8-5AF0-4464-B9E0-ACB5A0D5AFBD} = {A4AD5787-85F2-427A-A7D5-960FC36EDE44}
	EndGlobalSection
EndGlobal
