<?xml version="1.0" encoding="utf-8"?>
<Project ToolsVersion="4.0" xmlns="http://schemas.microsoft.com/developer/msbuild/2003">
  <ItemGroup>
    <ClCompile Include="NFNetPlugin.cpp" />
    <ClCompile Include="NetObject.cpp">
      <Filter>NFNetObject</Filter>
    </ClCompile>
    <ClCompile Include="ArpaNetPacketParse.cpp">
      <Filter>PacketParse</Filter>
    </ClCompile>
    <ClCompile Include="NFIPacketParse.cpp">
      <Filter>PacketParse</Filter>
    </ClCompile>
    <ClCompile Include="NFClient.cpp">
      <Filter>NFClient</Filter>
    </ClCompile>
    <ClCompile Include="NFCNetClientModule.cpp">
      <Filter>NFClient</Filter>
    </ClCompile>
    <ClCompile Include="NFServer.cpp">
      <Filter>NFServer</Filter>
    </ClCompile>
    <ClCompile Include="NFCNetServerModule.cpp">
      <Filter>NFServer</Filter>
    </ClCompile>
    <ClCompile Include="NFCHttpClientModule.cpp">
      <Filter>NFHttpClient</Filter>
    </ClCompile>
    <ClCompile Include="NFCHttpClient.cpp">
      <Filter>NFHttpClient</Filter>
    </ClCompile>
    <ClCompile Include="NFCHttpServer.cpp">
      <Filter>NFHttpServer</Filter>
    </ClCompile>
    <ClCompile Include="NFCHttpServerModule.cpp">
      <Filter>NFHttpServer</Filter>
    </ClCompile>
    <ClCompile Include="NFServerNeEventModule.cpp">
      <Filter>NFServerNetEvent</Filter>
    </ClCompile>
  </ItemGroup>
  <ItemGroup>
    <ClInclude Include="NFNetPlugin.h" />
    <ClInclude Include="NFNetDefine.h">
      <Filter>NFNetObject</Filter>
    </ClInclude>
    <ClInclude Include="NetObject.h">
      <Filter>NFNetObject</Filter>
    </ClInclude>
    <ClInclude Include="ArpgNetPacketParse.h">
      <Filter>PacketParse</Filter>
    </ClInclude>
    <ClInclude Include="NFIPacketParse.h">
      <Filter>PacketParse</Filter>
    </ClInclude>
    <ClInclude Include="NFClient.h">
      <Filter>NFClient</Filter>
    </ClInclude>
    <ClInclude Include="NFCNetClientModule.h">
      <Filter>NFClient</Filter>
    </ClInclude>
    <ClInclude Include="NFServer.h">
      <Filter>NFServer</Filter>
    </ClInclude>
    <ClInclude Include="NFCNetServerModule.h">
      <Filter>NFServer</Filter>
    </ClInclude>
    <ClInclude Include="NFLibEvent.h">
      <Filter>NFNetObject</Filter>
    </ClInclude>
    <ClInclude Include="NFCHttpClientModule.h">
      <Filter>NFHttpClient</Filter>
    </ClInclude>
    <ClInclude Include="NFCHttpClient.h">
      <Filter>NFHttpClient</Filter>
    </ClInclude>
    <ClInclude Include="NFCHttpServer.h">
      <Filter>NFHttpServer</Filter>
    </ClInclude>
    <ClInclude Include="NFCHttpServerModule.h">
      <Filter>NFHttpServer</Filter>
    </ClInclude>
    <ClInclude Include="NFServerNetEventModule.h">
      <Filter>NFServerNetEvent</Filter>
    </ClInclude>
  </ItemGroup>
  <ItemGroup>
    <Filter Include="NFClient">
      <UniqueIdentifier>{4503cebe-e925-47e0-a1f9-41af5877286c}</UniqueIdentifier>
    </Filter>
    <Filter Include="PacketParse">
      <UniqueIdentifier>{659ffc87-05b5-4512-a7ee-2100d1e99394}</UniqueIdentifier>
    </Filter>
    <Filter Include="NFNetObject">
      <UniqueIdentifier>{4a41b02b-477f-4136-bb63-6dddc6fd21d6}</UniqueIdentifier>
    </Filter>
    <Filter Include="NFServer">
      <UniqueIdentifier>{b93c4676-2477-4fa5-ba90-e064b613727c}</UniqueIdentifier>
    </Filter>
    <Filter Include="NFHttpClient">
      <UniqueIdentifier>{5b8ac71f-d0e5-4162-99fa-38ab84b36664}</UniqueIdentifier>
    </Filter>
    <Filter Include="NFHttpServer">
      <UniqueIdentifier>{a7b0f2e7-25d1-4f53-9832-540483a3af73}</UniqueIdentifier>
    </Filter>
    <Filter Include="NFServerNetEvent">
      <UniqueIdentifier>{8811a49f-5dc4-4b11-a187-97245bd2102c}</UniqueIdentifier>
    </Filter>
  </ItemGroup>
</Project>