<?xml version="1.0" encoding="utf-8"?>
<Project ToolsVersion="4.0" xmlns="http://schemas.microsoft.com/developer/msbuild/2003">
  <ItemGroup>
    <ClCompile Include="NFPluginLoader.cpp" />
    <ClCompile Include="dllmain.cpp" />
    <ClCompile Include="NFCLoadStaticPlugin.cpp" />
    <ClCompile Include="NFCPluginManager.cpp" />
    <ClCompile Include="NFCrashHandlerMgr.cpp" />
  </ItemGroup>
  <ItemGroup>
    <ClInclude Include="NFCPluginManager.h" />
    <ClInclude Include="NFCrashHandlerMgr.h" />
    <ClInclude Include="NFPrintfLogo.h" />
    <ClInclude Include="NFProcessParameter.h" />
  </ItemGroup>
</Project>