<?xml version="1.0" encoding="utf-8"?>
<Project ToolsVersion="4.0" xmlns="http://schemas.microsoft.com/developer/msbuild/2003">
  <ItemGroup>
    <ClCompile Include="NFNetPlugin.cpp" />
    <ClCompile Include="NFClient.cpp">
      <Filter>NFClient</Filter>
    </ClCompile>
    <ClCompile Include="NetObject.cpp">
      <Filter>NFNet</Filter>
    </ClCompile>
    <ClCompile Include="NFCNetClientModule.cpp" />
    <ClCompile Include="ArpaNetPacketParse.cpp">
      <Filter>PacketParse</Filter>
    </ClCompile>
    <ClCompile Include="NFIPacketParse.cpp">
      <Filter>PacketParse</Filter>
    </ClCompile>
  </ItemGroup>
  <ItemGroup>
    <ClInclude Include="NFNetPlugin.h" />
    <ClInclude Include="NFClient.h">
      <Filter>NFClient</Filter>
    </ClInclude>
    <ClInclude Include="NFINet.h">
      <Filter>NFNet</Filter>
    </ClInclude>
    <ClInclude Include="NFNetDefine.h">
      <Filter>NFNet</Filter>
    </ClInclude>
    <ClInclude Include="NetObject.h">
      <Filter>NFNet</Filter>
    </ClInclude>
    <ClInclude Include="NFCNetClientModule.h" />
    <ClInclude Include="ArpgNetPacketParse.h">
      <Filter>PacketParse</Filter>
    </ClInclude>
    <ClInclude Include="NFIPacketParse.h">
      <Filter>PacketParse</Filter>
    </ClInclude>
  </ItemGroup>
  <ItemGroup>
    <Filter Include="NFClient">
      <UniqueIdentifier>{4503cebe-e925-47e0-a1f9-41af5877286c}</UniqueIdentifier>
    </Filter>
    <Filter Include="NFNet">
      <UniqueIdentifier>{4a41b02b-477f-4136-bb63-6dddc6fd21d6}</UniqueIdentifier>
    </Filter>
    <Filter Include="PacketParse">
      <UniqueIdentifier>{659ffc87-05b5-4512-a7ee-2100d1e99394}</UniqueIdentifier>
    </Filter>
  </ItemGroup>
</Project>