<?xml version="1.0" encoding="utf-8"?>
<Project ToolsVersion="4.0" xmlns="http://schemas.microsoft.com/developer/msbuild/2003">
  <ItemGroup>
    <ClInclude Include="NFServerCommon.h" />
    <ClInclude Include="NFIProxyServerModule.h" />
    <ClInclude Include="NFIGameServerModule.h" />
    <ClInclude Include="NFIWorldServerModule.h" />
    <ClInclude Include="NFIMasterServerModule.h" />
    <ClInclude Include="NFILoginServerModule.h" />
    <ClInclude Include="NFIWorldClient_MasterModule.h" />
    <ClInclude Include="NFILoginClient_MasterModule.h" />
    <ClInclude Include="NFIProxyClient_MasterModule.h" />
    <ClInclude Include="NFIGameClient_MasterModule.h" />
    <ClInclude Include="NFIGameClient_WorldModule.h" />
    <ClInclude Include="NFIProxyClient_GameModule.h" />
    <ClInclude Include="NFIProxyClient_WorldModule.h" />
    <ClInclude Include="NFIProxyClient_LoginModule.h" />
    <ClInclude Include="NFILocationClient_MasterModule.h" />
    <ClInclude Include="NFILocationServerModule.h" />
    <ClInclude Include="NFILogClient_MasterModule.h" />
    <ClInclude Include="NFIWebClient_MasterModule.h" />
    <ClInclude Include="NFILogServerModule.h" />
    <ClInclude Include="NFIWebServerModule.h" />
  </ItemGroup>
  <ItemGroup>
    <ClCompile Include="NFServerCommon.cpp" />
  </ItemGroup>
</Project>