<?xml version="1.0" encoding="utf-8"?>
<Project ToolsVersion="4.0" xmlns="http://schemas.microsoft.com/developer/msbuild/2003">
  <ItemGroup>
    <ClCompile Include="NFWorldClientPlugin.cpp" />
    <ClCompile Include="NFWorldClient_MasterModule.cpp" />
  </ItemGroup>
  <ItemGroup>
    <ClInclude Include="NFWorldClientPlugin.h" />
    <ClInclude Include="NFWorldClient_MasterModule.h" />
  </ItemGroup>
</Project>